
Microsoft Visual Studio Solution File, Format Version 12.00
# Visual Studio 15
VisualStudioVersion = 15.0.28307.421
MinimumVisualStudioVersion = 10.0.40219.1
Project("{00D1A9C2-B5F0-4AF3-8072-F6C62B433612}") = "AccesEnginsDatabase", "AccesEnginsDatabase\AccesEnginsDatabase.sqlproj", "{FA2C183B-AD05-445F-8625-D14F41DCC18C}"
EndProject
Project("{2150E333-8FDC-42A3-9474-1A3956D46DE8}") = "WEB", "WEB", "{B98BCF0B-3B44-48FD-9828-B65AB6C60FF9}"
EndProject
Project("{FAE04EC0-301F-11D3-BF4B-00C04F79EFBC}") = "DAL", "DAL\DAL.csproj", "{E1FE24D6-1F5B-47CA-B127-E61F39C673EB}"
EndProject
Project("{FAE04EC0-301F-11D3-BF4B-00C04F79EFBC}") = "Shared", "Shared\Shared.csproj", "{71D97417-B9D5-49B3-80F3-0B15ECE6B6F5}"
EndProject
Project("{FAE04EC0-301F-11D3-BF4B-00C04F79EFBC}") = "BLL", "BLL\BLL.csproj", "{A5A905EE-0B2F-4691-8484-5D265FBEF734}"
EndProject
Project("{FAE04EC0-301F-11D3-BF4B-00C04F79EFBC}") = "Front", "Front\Front.csproj", "{CC199C73-08DA-48DA-950E-767C15357EED}"
EndProject
Project("{2150E333-8FDC-42A3-9474-1A3956D46DE8}") = "Mobile", "Mobile", "{54D777BF-AB79-4D36-B43D-24F3B03DEF4C}"
EndProject
Project("{9A19103F-16F7-4668-BE54-9A1E7A4F7556}") = "Mobile", "..\AuditEngin\Mobile\Mobile\Mobile.csproj", "{7191BFE5-75F6-42AB-BF9F-CBF0897A5723}"
EndProject
Project("{FAE04EC0-301F-11D3-BF4B-00C04F79EFBC}") = "Mobile.Android", "..\AuditEngin\Mobile\Mobile.Android\Mobile.Android.csproj", "{73ABAEB9-44E5-4AAC-85E7-CC826145C686}"
EndProject
Project("{FAE04EC0-301F-11D3-BF4B-00C04F79EFBC}") = "Mobile.iOS", "..\AuditEngin\Mobile\Mobile.iOS\Mobile.iOS.csproj", "{A0D9B240-BEE1-4B95-AF05-0EC4A5868DC1}"
EndProject
Project("{FAE04EC0-301F-11D3-BF4B-00C04F79EFBC}") = "Mobile.UWP", "..\AuditEngin\Mobile\Mobile.UWP\Mobile.UWP.csproj", "{164CE4D6-7952-4DFC-BE39-84329B8C393B}"
EndProject
Project("{2150E333-8FDC-42A3-9474-1A3956D46DE8}") = "Test", "Test", "{82BE138D-0A84-4A10-B624-D610DC34E5E6}"
EndProject
Project("{FAE04EC0-301F-11D3-BF4B-00C04F79EFBC}") = "AccesEnginTest", "AccesEnginTest\AccesEnginTest.csproj", "{78FE2733-188A-475A-AC07-3CDF58627A5E}"
EndProject
Project("{FAE04EC0-301F-11D3-BF4B-00C04F79EFBC}") = "Api", "Api\Api.csproj", "{CF640492-272A-4122-BFD0-7442BE461D63}"
EndProject
Project("{2150E333-8FDC-42A3-9474-1A3956D46DE8}") = "Uploads", "Uploads", "{DC6E186A-AE9C-4B5A-AF64-A0766E7EBE3A}"
EndProject
Global
	GlobalSection(SolutionConfigurationPlatforms) = preSolution
		Ad-Hoc|Any CPU = Ad-Hoc|Any CPU
		Ad-Hoc|ARM = Ad-Hoc|ARM
		Ad-Hoc|iPhone = Ad-Hoc|iPhone
		Ad-Hoc|iPhoneSimulator = Ad-Hoc|iPhoneSimulator
		Ad-Hoc|x64 = Ad-Hoc|x64
		Ad-Hoc|x86 = Ad-Hoc|x86
		AppStore|Any CPU = AppStore|Any CPU
		AppStore|ARM = AppStore|ARM
		AppStore|iPhone = AppStore|iPhone
		AppStore|iPhoneSimulator = AppStore|iPhoneSimulator
		AppStore|x64 = AppStore|x64
		AppStore|x86 = AppStore|x86
		Debug|Any CPU = Debug|Any CPU
		Debug|ARM = Debug|ARM
		Debug|iPhone = Debug|iPhone
		Debug|iPhoneSimulator = Debug|iPhoneSimulator
		Debug|x64 = Debug|x64
		Debug|x86 = Debug|x86
		Release|Any CPU = Release|Any CPU
		Release|ARM = Release|ARM
		Release|iPhone = Release|iPhone
		Release|iPhoneSimulator = Release|iPhoneSimulator
		Release|x64 = Release|x64
		Release|x86 = Release|x86
	EndGlobalSection
	GlobalSection(ProjectConfigurationPlatforms) = postSolution
		{FA2C183B-AD05-445F-8625-D14F41DCC18C}.Ad-Hoc|Any CPU.ActiveCfg = Release|Any CPU
		{FA2C183B-AD05-445F-8625-D14F41DCC18C}.Ad-Hoc|Any CPU.Build.0 = Release|Any CPU
		{FA2C183B-AD05-445F-8625-D14F41DCC18C}.Ad-Hoc|Any CPU.Deploy.0 = Release|Any CPU
		{FA2C183B-AD05-445F-8625-D14F41DCC18C}.Ad-Hoc|ARM.ActiveCfg = Release|Any CPU
		{FA2C183B-AD05-445F-8625-D14F41DCC18C}.Ad-Hoc|ARM.Build.0 = Release|Any CPU
		{FA2C183B-AD05-445F-8625-D14F41DCC18C}.Ad-Hoc|ARM.Deploy.0 = Release|Any CPU
		{FA2C183B-AD05-445F-8625-D14F41DCC18C}.Ad-Hoc|iPhone.ActiveCfg = Release|Any CPU
		{FA2C183B-AD05-445F-8625-D14F41DCC18C}.Ad-Hoc|iPhone.Build.0 = Release|Any CPU
		{FA2C183B-AD05-445F-8625-D14F41DCC18C}.Ad-Hoc|iPhone.Deploy.0 = Release|Any CPU
		{FA2C183B-AD05-445F-8625-D14F41DCC18C}.Ad-Hoc|iPhoneSimulator.ActiveCfg = Release|Any CPU
		{FA2C183B-AD05-445F-8625-D14F41DCC18C}.Ad-Hoc|iPhoneSimulator.Build.0 = Release|Any CPU
		{FA2C183B-AD05-445F-8625-D14F41DCC18C}.Ad-Hoc|iPhoneSimulator.Deploy.0 = Release|Any CPU
		{FA2C183B-AD05-445F-8625-D14F41DCC18C}.Ad-Hoc|x64.ActiveCfg = Release|Any CPU
		{FA2C183B-AD05-445F-8625-D14F41DCC18C}.Ad-Hoc|x64.Build.0 = Release|Any CPU
		{FA2C183B-AD05-445F-8625-D14F41DCC18C}.Ad-Hoc|x64.Deploy.0 = Release|Any CPU
		{FA2C183B-AD05-445F-8625-D14F41DCC18C}.Ad-Hoc|x86.ActiveCfg = Release|Any CPU
		{FA2C183B-AD05-445F-8625-D14F41DCC18C}.Ad-Hoc|x86.Build.0 = Release|Any CPU
		{FA2C183B-AD05-445F-8625-D14F41DCC18C}.Ad-Hoc|x86.Deploy.0 = Release|Any CPU
		{FA2C183B-AD05-445F-8625-D14F41DCC18C}.AppStore|Any CPU.ActiveCfg = Release|Any CPU
		{FA2C183B-AD05-445F-8625-D14F41DCC18C}.AppStore|Any CPU.Build.0 = Release|Any CPU
		{FA2C183B-AD05-445F-8625-D14F41DCC18C}.AppStore|Any CPU.Deploy.0 = Release|Any CPU
		{FA2C183B-AD05-445F-8625-D14F41DCC18C}.AppStore|ARM.ActiveCfg = Release|Any CPU
		{FA2C183B-AD05-445F-8625-D14F41DCC18C}.AppStore|ARM.Build.0 = Release|Any CPU
		{FA2C183B-AD05-445F-8625-D14F41DCC18C}.AppStore|ARM.Deploy.0 = Release|Any CPU
		{FA2C183B-AD05-445F-8625-D14F41DCC18C}.AppStore|iPhone.ActiveCfg = Release|Any CPU
		{FA2C183B-AD05-445F-8625-D14F41DCC18C}.AppStore|iPhone.Build.0 = Release|Any CPU
		{FA2C183B-AD05-445F-8625-D14F41DCC18C}.AppStore|iPhone.Deploy.0 = Release|Any CPU
		{FA2C183B-AD05-445F-8625-D14F41DCC18C}.AppStore|iPhoneSimulator.ActiveCfg = Release|Any CPU
		{FA2C183B-AD05-445F-8625-D14F41DCC18C}.AppStore|iPhoneSimulator.Build.0 = Release|Any CPU
		{FA2C183B-AD05-445F-8625-D14F41DCC18C}.AppStore|iPhoneSimulator.Deploy.0 = Release|Any CPU
		{FA2C183B-AD05-445F-8625-D14F41DCC18C}.AppStore|x64.ActiveCfg = Release|Any CPU
		{FA2C183B-AD05-445F-8625-D14F41DCC18C}.AppStore|x64.Build.0 = Release|Any CPU
		{FA2C183B-AD05-445F-8625-D14F41DCC18C}.AppStore|x64.Deploy.0 = Release|Any CPU
		{FA2C183B-AD05-445F-8625-D14F41DCC18C}.AppStore|x86.ActiveCfg = Release|Any CPU
		{FA2C183B-AD05-445F-8625-D14F41DCC18C}.AppStore|x86.Build.0 = Release|Any CPU
		{FA2C183B-AD05-445F-8625-D14F41DCC18C}.AppStore|x86.Deploy.0 = Release|Any CPU
		{FA2C183B-AD05-445F-8625-D14F41DCC18C}.Debug|Any CPU.ActiveCfg = Debug|Any CPU
		{FA2C183B-AD05-445F-8625-D14F41DCC18C}.Debug|Any CPU.Build.0 = Debug|Any CPU
		{FA2C183B-AD05-445F-8625-D14F41DCC18C}.Debug|Any CPU.Deploy.0 = Debug|Any CPU
		{FA2C183B-AD05-445F-8625-D14F41DCC18C}.Debug|ARM.ActiveCfg = Debug|Any CPU
		{FA2C183B-AD05-445F-8625-D14F41DCC18C}.Debug|ARM.Build.0 = Debug|Any CPU
		{FA2C183B-AD05-445F-8625-D14F41DCC18C}.Debug|ARM.Deploy.0 = Debug|Any CPU
		{FA2C183B-AD05-445F-8625-D14F41DCC18C}.Debug|iPhone.ActiveCfg = Debug|Any CPU
		{FA2C183B-AD05-445F-8625-D14F41DCC18C}.Debug|iPhone.Build.0 = Debug|Any CPU
		{FA2C183B-AD05-445F-8625-D14F41DCC18C}.Debug|iPhone.Deploy.0 = Debug|Any CPU
		{FA2C183B-AD05-445F-8625-D14F41DCC18C}.Debug|iPhoneSimulator.ActiveCfg = Debug|Any CPU
		{FA2C183B-AD05-445F-8625-D14F41DCC18C}.Debug|iPhoneSimulator.Build.0 = Debug|Any CPU
		{FA2C183B-AD05-445F-8625-D14F41DCC18C}.Debug|iPhoneSimulator.Deploy.0 = Debug|Any CPU
		{FA2C183B-AD05-445F-8625-D14F41DCC18C}.Debug|x64.ActiveCfg = Debug|Any CPU
		{FA2C183B-AD05-445F-8625-D14F41DCC18C}.Debug|x64.Build.0 = Debug|Any CPU
		{FA2C183B-AD05-445F-8625-D14F41DCC18C}.Debug|x64.Deploy.0 = Debug|Any CPU
		{FA2C183B-AD05-445F-8625-D14F41DCC18C}.Debug|x86.ActiveCfg = Debug|Any CPU
		{FA2C183B-AD05-445F-8625-D14F41DCC18C}.Debug|x86.Build.0 = Debug|Any CPU
		{FA2C183B-AD05-445F-8625-D14F41DCC18C}.Debug|x86.Deploy.0 = Debug|Any CPU
		{FA2C183B-AD05-445F-8625-D14F41DCC18C}.Release|Any CPU.ActiveCfg = Release|Any CPU
		{FA2C183B-AD05-445F-8625-D14F41DCC18C}.Release|Any CPU.Build.0 = Release|Any CPU
		{FA2C183B-AD05-445F-8625-D14F41DCC18C}.Release|Any CPU.Deploy.0 = Release|Any CPU
		{FA2C183B-AD05-445F-8625-D14F41DCC18C}.Release|ARM.ActiveCfg = Release|Any CPU
		{FA2C183B-AD05-445F-8625-D14F41DCC18C}.Release|ARM.Build.0 = Release|Any CPU
		{FA2C183B-AD05-445F-8625-D14F41DCC18C}.Release|ARM.Deploy.0 = Release|Any CPU
		{FA2C183B-AD05-445F-8625-D14F41DCC18C}.Release|iPhone.ActiveCfg = Release|Any CPU
		{FA2C183B-AD05-445F-8625-D14F41DCC18C}.Release|iPhone.Build.0 = Release|Any CPU
		{FA2C183B-AD05-445F-8625-D14F41DCC18C}.Release|iPhone.Deploy.0 = Release|Any CPU
		{FA2C183B-AD05-445F-8625-D14F41DCC18C}.Release|iPhoneSimulator.ActiveCfg = Release|Any CPU
		{FA2C183B-AD05-445F-8625-D14F41DCC18C}.Release|iPhoneSimulator.Build.0 = Release|Any CPU
		{FA2C183B-AD05-445F-8625-D14F41DCC18C}.Release|iPhoneSimulator.Deploy.0 = Release|Any CPU
		{FA2C183B-AD05-445F-8625-D14F41DCC18C}.Release|x64.ActiveCfg = Release|Any CPU
		{FA2C183B-AD05-445F-8625-D14F41DCC18C}.Release|x64.Build.0 = Release|Any CPU
		{FA2C183B-AD05-445F-8625-D14F41DCC18C}.Release|x64.Deploy.0 = Release|Any CPU
		{FA2C183B-AD05-445F-8625-D14F41DCC18C}.Release|x86.ActiveCfg = Release|Any CPU
		{FA2C183B-AD05-445F-8625-D14F41DCC18C}.Release|x86.Build.0 = Release|Any CPU
		{FA2C183B-AD05-445F-8625-D14F41DCC18C}.Release|x86.Deploy.0 = Release|Any CPU
		{E1FE24D6-1F5B-47CA-B127-E61F39C673EB}.Ad-Hoc|Any CPU.ActiveCfg = Release|Any CPU
		{E1FE24D6-1F5B-47CA-B127-E61F39C673EB}.Ad-Hoc|Any CPU.Build.0 = Release|Any CPU
		{E1FE24D6-1F5B-47CA-B127-E61F39C673EB}.Ad-Hoc|ARM.ActiveCfg = Release|Any CPU
		{E1FE24D6-1F5B-47CA-B127-E61F39C673EB}.Ad-Hoc|ARM.Build.0 = Release|Any CPU
		{E1FE24D6-1F5B-47CA-B127-E61F39C673EB}.Ad-Hoc|iPhone.ActiveCfg = Release|Any CPU
		{E1FE24D6-1F5B-47CA-B127-E61F39C673EB}.Ad-Hoc|iPhone.Build.0 = Release|Any CPU
		{E1FE24D6-1F5B-47CA-B127-E61F39C673EB}.Ad-Hoc|iPhoneSimulator.ActiveCfg = Release|Any CPU
		{E1FE24D6-1F5B-47CA-B127-E61F39C673EB}.Ad-Hoc|iPhoneSimulator.Build.0 = Release|Any CPU
		{E1FE24D6-1F5B-47CA-B127-E61F39C673EB}.Ad-Hoc|x64.ActiveCfg = Release|Any CPU
		{E1FE24D6-1F5B-47CA-B127-E61F39C673EB}.Ad-Hoc|x64.Build.0 = Release|Any CPU
		{E1FE24D6-1F5B-47CA-B127-E61F39C673EB}.Ad-Hoc|x86.ActiveCfg = Release|Any CPU
		{E1FE24D6-1F5B-47CA-B127-E61F39C673EB}.Ad-Hoc|x86.Build.0 = Release|Any CPU
		{E1FE24D6-1F5B-47CA-B127-E61F39C673EB}.AppStore|Any CPU.ActiveCfg = Release|Any CPU
		{E1FE24D6-1F5B-47CA-B127-E61F39C673EB}.AppStore|Any CPU.Build.0 = Release|Any CPU
		{E1FE24D6-1F5B-47CA-B127-E61F39C673EB}.AppStore|ARM.ActiveCfg = Release|Any CPU
		{E1FE24D6-1F5B-47CA-B127-E61F39C673EB}.AppStore|ARM.Build.0 = Release|Any CPU
		{E1FE24D6-1F5B-47CA-B127-E61F39C673EB}.AppStore|iPhone.ActiveCfg = Release|Any CPU
		{E1FE24D6-1F5B-47CA-B127-E61F39C673EB}.AppStore|iPhone.Build.0 = Release|Any CPU
		{E1FE24D6-1F5B-47CA-B127-E61F39C673EB}.AppStore|iPhoneSimulator.ActiveCfg = Release|Any CPU
		{E1FE24D6-1F5B-47CA-B127-E61F39C673EB}.AppStore|iPhoneSimulator.Build.0 = Release|Any CPU
		{E1FE24D6-1F5B-47CA-B127-E61F39C673EB}.AppStore|x64.ActiveCfg = Release|Any CPU
		{E1FE24D6-1F5B-47CA-B127-E61F39C673EB}.AppStore|x64.Build.0 = Release|Any CPU
		{E1FE24D6-1F5B-47CA-B127-E61F39C673EB}.AppStore|x86.ActiveCfg = Release|Any CPU
		{E1FE24D6-1F5B-47CA-B127-E61F39C673EB}.AppStore|x86.Build.0 = Release|Any CPU
		{E1FE24D6-1F5B-47CA-B127-E61F39C673EB}.Debug|Any CPU.ActiveCfg = Debug|Any CPU
		{E1FE24D6-1F5B-47CA-B127-E61F39C673EB}.Debug|Any CPU.Build.0 = Debug|Any CPU
		{E1FE24D6-1F5B-47CA-B127-E61F39C673EB}.Debug|ARM.ActiveCfg = Debug|Any CPU
		{E1FE24D6-1F5B-47CA-B127-E61F39C673EB}.Debug|ARM.Build.0 = Debug|Any CPU
		{E1FE24D6-1F5B-47CA-B127-E61F39C673EB}.Debug|iPhone.ActiveCfg = Debug|Any CPU
		{E1FE24D6-1F5B-47CA-B127-E61F39C673EB}.Debug|iPhone.Build.0 = Debug|Any CPU
		{E1FE24D6-1F5B-47CA-B127-E61F39C673EB}.Debug|iPhoneSimulator.ActiveCfg = Debug|Any CPU
		{E1FE24D6-1F5B-47CA-B127-E61F39C673EB}.Debug|iPhoneSimulator.Build.0 = Debug|Any CPU
		{E1FE24D6-1F5B-47CA-B127-E61F39C673EB}.Debug|x64.ActiveCfg = Debug|Any CPU
		{E1FE24D6-1F5B-47CA-B127-E61F39C673EB}.Debug|x64.Build.0 = Debug|Any CPU
		{E1FE24D6-1F5B-47CA-B127-E61F39C673EB}.Debug|x86.ActiveCfg = Debug|Any CPU
		{E1FE24D6-1F5B-47CA-B127-E61F39C673EB}.Debug|x86.Build.0 = Debug|Any CPU
		{E1FE24D6-1F5B-47CA-B127-E61F39C673EB}.Release|Any CPU.ActiveCfg = Release|Any CPU
		{E1FE24D6-1F5B-47CA-B127-E61F39C673EB}.Release|Any CPU.Build.0 = Release|Any CPU
		{E1FE24D6-1F5B-47CA-B127-E61F39C673EB}.Release|ARM.ActiveCfg = Release|Any CPU
		{E1FE24D6-1F5B-47CA-B127-E61F39C673EB}.Release|ARM.Build.0 = Release|Any CPU
		{E1FE24D6-1F5B-47CA-B127-E61F39C673EB}.Release|iPhone.ActiveCfg = Release|Any CPU
		{E1FE24D6-1F5B-47CA-B127-E61F39C673EB}.Release|iPhone.Build.0 = Release|Any CPU
		{E1FE24D6-1F5B-47CA-B127-E61F39C673EB}.Release|iPhoneSimulator.ActiveCfg = Release|Any CPU
		{E1FE24D6-1F5B-47CA-B127-E61F39C673EB}.Release|iPhoneSimulator.Build.0 = Release|Any CPU
		{E1FE24D6-1F5B-47CA-B127-E61F39C673EB}.Release|x64.ActiveCfg = Release|Any CPU
		{E1FE24D6-1F5B-47CA-B127-E61F39C673EB}.Release|x64.Build.0 = Release|Any CPU
		{E1FE24D6-1F5B-47CA-B127-E61F39C673EB}.Release|x86.ActiveCfg = Release|Any CPU
		{E1FE24D6-1F5B-47CA-B127-E61F39C673EB}.Release|x86.Build.0 = Release|Any CPU
		{71D97417-B9D5-49B3-80F3-0B15ECE6B6F5}.Ad-Hoc|Any CPU.ActiveCfg = Release|Any CPU
		{71D97417-B9D5-49B3-80F3-0B15ECE6B6F5}.Ad-Hoc|Any CPU.Build.0 = Release|Any CPU
		{71D97417-B9D5-49B3-80F3-0B15ECE6B6F5}.Ad-Hoc|ARM.ActiveCfg = Release|Any CPU
		{71D97417-B9D5-49B3-80F3-0B15ECE6B6F5}.Ad-Hoc|ARM.Build.0 = Release|Any CPU
		{71D97417-B9D5-49B3-80F3-0B15ECE6B6F5}.Ad-Hoc|iPhone.ActiveCfg = Release|Any CPU
		{71D97417-B9D5-49B3-80F3-0B15ECE6B6F5}.Ad-Hoc|iPhone.Build.0 = Release|Any CPU
		{71D97417-B9D5-49B3-80F3-0B15ECE6B6F5}.Ad-Hoc|iPhoneSimulator.ActiveCfg = Release|Any CPU
		{71D97417-B9D5-49B3-80F3-0B15ECE6B6F5}.Ad-Hoc|iPhoneSimulator.Build.0 = Release|Any CPU
		{71D97417-B9D5-49B3-80F3-0B15ECE6B6F5}.Ad-Hoc|x64.ActiveCfg = Release|Any CPU
		{71D97417-B9D5-49B3-80F3-0B15ECE6B6F5}.Ad-Hoc|x64.Build.0 = Release|Any CPU
		{71D97417-B9D5-49B3-80F3-0B15ECE6B6F5}.Ad-Hoc|x86.ActiveCfg = Release|Any CPU
		{71D97417-B9D5-49B3-80F3-0B15ECE6B6F5}.Ad-Hoc|x86.Build.0 = Release|Any CPU
		{71D97417-B9D5-49B3-80F3-0B15ECE6B6F5}.AppStore|Any CPU.ActiveCfg = Release|Any CPU
		{71D97417-B9D5-49B3-80F3-0B15ECE6B6F5}.AppStore|Any CPU.Build.0 = Release|Any CPU
		{71D97417-B9D5-49B3-80F3-0B15ECE6B6F5}.AppStore|ARM.ActiveCfg = Release|Any CPU
		{71D97417-B9D5-49B3-80F3-0B15ECE6B6F5}.AppStore|ARM.Build.0 = Release|Any CPU
		{71D97417-B9D5-49B3-80F3-0B15ECE6B6F5}.AppStore|iPhone.ActiveCfg = Release|Any CPU
		{71D97417-B9D5-49B3-80F3-0B15ECE6B6F5}.AppStore|iPhone.Build.0 = Release|Any CPU
		{71D97417-B9D5-49B3-80F3-0B15ECE6B6F5}.AppStore|iPhoneSimulator.ActiveCfg = Release|Any CPU
		{71D97417-B9D5-49B3-80F3-0B15ECE6B6F5}.AppStore|iPhoneSimulator.Build.0 = Release|Any CPU
		{71D97417-B9D5-49B3-80F3-0B15ECE6B6F5}.AppStore|x64.ActiveCfg = Release|Any CPU
		{71D97417-B9D5-49B3-80F3-0B15ECE6B6F5}.AppStore|x64.Build.0 = Release|Any CPU
		{71D97417-B9D5-49B3-80F3-0B15ECE6B6F5}.AppStore|x86.ActiveCfg = Release|Any CPU
		{71D97417-B9D5-49B3-80F3-0B15ECE6B6F5}.AppStore|x86.Build.0 = Release|Any CPU
		{71D97417-B9D5-49B3-80F3-0B15ECE6B6F5}.Debug|Any CPU.ActiveCfg = Debug|Any CPU
		{71D97417-B9D5-49B3-80F3-0B15ECE6B6F5}.Debug|Any CPU.Build.0 = Debug|Any CPU
		{71D97417-B9D5-49B3-80F3-0B15ECE6B6F5}.Debug|ARM.ActiveCfg = Debug|Any CPU
		{71D97417-B9D5-49B3-80F3-0B15ECE6B6F5}.Debug|ARM.Build.0 = Debug|Any CPU
		{71D97417-B9D5-49B3-80F3-0B15ECE6B6F5}.Debug|iPhone.ActiveCfg = Debug|Any CPU
		{71D97417-B9D5-49B3-80F3-0B15ECE6B6F5}.Debug|iPhone.Build.0 = Debug|Any CPU
		{71D97417-B9D5-49B3-80F3-0B15ECE6B6F5}.Debug|iPhoneSimulator.ActiveCfg = Debug|Any CPU
		{71D97417-B9D5-49B3-80F3-0B15ECE6B6F5}.Debug|iPhoneSimulator.Build.0 = Debug|Any CPU
		{71D97417-B9D5-49B3-80F3-0B15ECE6B6F5}.Debug|x64.ActiveCfg = Debug|Any CPU
		{71D97417-B9D5-49B3-80F3-0B15ECE6B6F5}.Debug|x64.Build.0 = Debug|Any CPU
		{71D97417-B9D5-49B3-80F3-0B15ECE6B6F5}.Debug|x86.ActiveCfg = Debug|Any CPU
		{71D97417-B9D5-49B3-80F3-0B15ECE6B6F5}.Debug|x86.Build.0 = Debug|Any CPU
		{71D97417-B9D5-49B3-80F3-0B15ECE6B6F5}.Release|Any CPU.ActiveCfg = Release|Any CPU
		{71D97417-B9D5-49B3-80F3-0B15ECE6B6F5}.Release|Any CPU.Build.0 = Release|Any CPU
		{71D97417-B9D5-49B3-80F3-0B15ECE6B6F5}.Release|ARM.ActiveCfg = Release|Any CPU
		{71D97417-B9D5-49B3-80F3-0B15ECE6B6F5}.Release|ARM.Build.0 = Release|Any CPU
		{71D97417-B9D5-49B3-80F3-0B15ECE6B6F5}.Release|iPhone.ActiveCfg = Release|Any CPU
		{71D97417-B9D5-49B3-80F3-0B15ECE6B6F5}.Release|iPhone.Build.0 = Release|Any CPU
		{71D97417-B9D5-49B3-80F3-0B15ECE6B6F5}.Release|iPhoneSimulator.ActiveCfg = Release|Any CPU
		{71D97417-B9D5-49B3-80F3-0B15ECE6B6F5}.Release|iPhoneSimulator.Build.0 = Release|Any CPU
		{71D97417-B9D5-49B3-80F3-0B15ECE6B6F5}.Release|x64.ActiveCfg = Release|Any CPU
		{71D97417-B9D5-49B3-80F3-0B15ECE6B6F5}.Release|x64.Build.0 = Release|Any CPU
		{71D97417-B9D5-49B3-80F3-0B15ECE6B6F5}.Release|x86.ActiveCfg = Release|Any CPU
		{71D97417-B9D5-49B3-80F3-0B15ECE6B6F5}.Release|x86.Build.0 = Release|Any CPU
		{A5A905EE-0B2F-4691-8484-5D265FBEF734}.Ad-Hoc|Any CPU.ActiveCfg = Release|Any CPU
		{A5A905EE-0B2F-4691-8484-5D265FBEF734}.Ad-Hoc|Any CPU.Build.0 = Release|Any CPU
		{A5A905EE-0B2F-4691-8484-5D265FBEF734}.Ad-Hoc|ARM.ActiveCfg = Release|Any CPU
		{A5A905EE-0B2F-4691-8484-5D265FBEF734}.Ad-Hoc|ARM.Build.0 = Release|Any CPU
		{A5A905EE-0B2F-4691-8484-5D265FBEF734}.Ad-Hoc|iPhone.ActiveCfg = Release|Any CPU
		{A5A905EE-0B2F-4691-8484-5D265FBEF734}.Ad-Hoc|iPhone.Build.0 = Release|Any CPU
		{A5A905EE-0B2F-4691-8484-5D265FBEF734}.Ad-Hoc|iPhoneSimulator.ActiveCfg = Release|Any CPU
		{A5A905EE-0B2F-4691-8484-5D265FBEF734}.Ad-Hoc|iPhoneSimulator.Build.0 = Release|Any CPU
		{A5A905EE-0B2F-4691-8484-5D265FBEF734}.Ad-Hoc|x64.ActiveCfg = Release|Any CPU
		{A5A905EE-0B2F-4691-8484-5D265FBEF734}.Ad-Hoc|x64.Build.0 = Release|Any CPU
		{A5A905EE-0B2F-4691-8484-5D265FBEF734}.Ad-Hoc|x86.ActiveCfg = Release|Any CPU
		{A5A905EE-0B2F-4691-8484-5D265FBEF734}.Ad-Hoc|x86.Build.0 = Release|Any CPU
		{A5A905EE-0B2F-4691-8484-5D265FBEF734}.AppStore|Any CPU.ActiveCfg = Release|Any CPU
		{A5A905EE-0B2F-4691-8484-5D265FBEF734}.AppStore|Any CPU.Build.0 = Release|Any CPU
		{A5A905EE-0B2F-4691-8484-5D265FBEF734}.AppStore|ARM.ActiveCfg = Release|Any CPU
		{A5A905EE-0B2F-4691-8484-5D265FBEF734}.AppStore|ARM.Build.0 = Release|Any CPU
		{A5A905EE-0B2F-4691-8484-5D265FBEF734}.AppStore|iPhone.ActiveCfg = Release|Any CPU
		{A5A905EE-0B2F-4691-8484-5D265FBEF734}.AppStore|iPhone.Build.0 = Release|Any CPU
		{A5A905EE-0B2F-4691-8484-5D265FBEF734}.AppStore|iPhoneSimulator.ActiveCfg = Release|Any CPU
		{A5A905EE-0B2F-4691-8484-5D265FBEF734}.AppStore|iPhoneSimulator.Build.0 = Release|Any CPU
		{A5A905EE-0B2F-4691-8484-5D265FBEF734}.AppStore|x64.ActiveCfg = Release|Any CPU
		{A5A905EE-0B2F-4691-8484-5D265FBEF734}.AppStore|x64.Build.0 = Release|Any CPU
		{A5A905EE-0B2F-4691-8484-5D265FBEF734}.AppStore|x86.ActiveCfg = Release|Any CPU
		{A5A905EE-0B2F-4691-8484-5D265FBEF734}.AppStore|x86.Build.0 = Release|Any CPU
		{A5A905EE-0B2F-4691-8484-5D265FBEF734}.Debug|Any CPU.ActiveCfg = Debug|Any CPU
		{A5A905EE-0B2F-4691-8484-5D265FBEF734}.Debug|Any CPU.Build.0 = Debug|Any CPU
		{A5A905EE-0B2F-4691-8484-5D265FBEF734}.Debug|ARM.ActiveCfg = Debug|Any CPU
		{A5A905EE-0B2F-4691-8484-5D265FBEF734}.Debug|ARM.Build.0 = Debug|Any CPU
		{A5A905EE-0B2F-4691-8484-5D265FBEF734}.Debug|iPhone.ActiveCfg = Debug|Any CPU
		{A5A905EE-0B2F-4691-8484-5D265FBEF734}.Debug|iPhone.Build.0 = Debug|Any CPU
		{A5A905EE-0B2F-4691-8484-5D265FBEF734}.Debug|iPhoneSimulator.ActiveCfg = Debug|Any CPU
		{A5A905EE-0B2F-4691-8484-5D265FBEF734}.Debug|iPhoneSimulator.Build.0 = Debug|Any CPU
		{A5A905EE-0B2F-4691-8484-5D265FBEF734}.Debug|x64.ActiveCfg = Debug|Any CPU
		{A5A905EE-0B2F-4691-8484-5D265FBEF734}.Debug|x64.Build.0 = Debug|Any CPU
		{A5A905EE-0B2F-4691-8484-5D265FBEF734}.Debug|x86.ActiveCfg = Debug|Any CPU
		{A5A905EE-0B2F-4691-8484-5D265FBEF734}.Debug|x86.Build.0 = Debug|Any CPU
		{A5A905EE-0B2F-4691-8484-5D265FBEF734}.Release|Any CPU.ActiveCfg = Release|Any CPU
		{A5A905EE-0B2F-4691-8484-5D265FBEF734}.Release|Any CPU.Build.0 = Release|Any CPU
		{A5A905EE-0B2F-4691-8484-5D265FBEF734}.Release|ARM.ActiveCfg = Release|Any CPU
		{A5A905EE-0B2F-4691-8484-5D265FBEF734}.Release|ARM.Build.0 = Release|Any CPU
		{A5A905EE-0B2F-4691-8484-5D265FBEF734}.Release|iPhone.ActiveCfg = Release|Any CPU
		{A5A905EE-0B2F-4691-8484-5D265FBEF734}.Release|iPhone.Build.0 = Release|Any CPU
		{A5A905EE-0B2F-4691-8484-5D265FBEF734}.Release|iPhoneSimulator.ActiveCfg = Release|Any CPU
		{A5A905EE-0B2F-4691-8484-5D265FBEF734}.Release|iPhoneSimulator.Build.0 = Release|Any CPU
		{A5A905EE-0B2F-4691-8484-5D265FBEF734}.Release|x64.ActiveCfg = Release|Any CPU
		{A5A905EE-0B2F-4691-8484-5D265FBEF734}.Release|x64.Build.0 = Release|Any CPU
		{A5A905EE-0B2F-4691-8484-5D265FBEF734}.Release|x86.ActiveCfg = Release|Any CPU
		{A5A905EE-0B2F-4691-8484-5D265FBEF734}.Release|x86.Build.0 = Release|Any CPU
		{CC199C73-08DA-48DA-950E-767C15357EED}.Ad-Hoc|Any CPU.ActiveCfg = Release|Any CPU
		{CC199C73-08DA-48DA-950E-767C15357EED}.Ad-Hoc|Any CPU.Build.0 = Release|Any CPU
		{CC199C73-08DA-48DA-950E-767C15357EED}.Ad-Hoc|ARM.ActiveCfg = Release|Any CPU
		{CC199C73-08DA-48DA-950E-767C15357EED}.Ad-Hoc|ARM.Build.0 = Release|Any CPU
		{CC199C73-08DA-48DA-950E-767C15357EED}.Ad-Hoc|iPhone.ActiveCfg = Release|Any CPU
		{CC199C73-08DA-48DA-950E-767C15357EED}.Ad-Hoc|iPhone.Build.0 = Release|Any CPU
		{CC199C73-08DA-48DA-950E-767C15357EED}.Ad-Hoc|iPhoneSimulator.ActiveCfg = Release|Any CPU
		{CC199C73-08DA-48DA-950E-767C15357EED}.Ad-Hoc|iPhoneSimulator.Build.0 = Release|Any CPU
		{CC199C73-08DA-48DA-950E-767C15357EED}.Ad-Hoc|x64.ActiveCfg = Release|Any CPU
		{CC199C73-08DA-48DA-950E-767C15357EED}.Ad-Hoc|x64.Build.0 = Release|Any CPU
		{CC199C73-08DA-48DA-950E-767C15357EED}.Ad-Hoc|x86.ActiveCfg = Release|Any CPU
		{CC199C73-08DA-48DA-950E-767C15357EED}.Ad-Hoc|x86.Build.0 = Release|Any CPU
		{CC199C73-08DA-48DA-950E-767C15357EED}.AppStore|Any CPU.ActiveCfg = Release|Any CPU
		{CC199C73-08DA-48DA-950E-767C15357EED}.AppStore|Any CPU.Build.0 = Release|Any CPU
		{CC199C73-08DA-48DA-950E-767C15357EED}.AppStore|ARM.ActiveCfg = Release|Any CPU
		{CC199C73-08DA-48DA-950E-767C15357EED}.AppStore|ARM.Build.0 = Release|Any CPU
		{CC199C73-08DA-48DA-950E-767C15357EED}.AppStore|iPhone.ActiveCfg = Release|Any CPU
		{CC199C73-08DA-48DA-950E-767C15357EED}.AppStore|iPhone.Build.0 = Release|Any CPU
		{CC199C73-08DA-48DA-950E-767C15357EED}.AppStore|iPhoneSimulator.ActiveCfg = Release|Any CPU
		{CC199C73-08DA-48DA-950E-767C15357EED}.AppStore|iPhoneSimulator.Build.0 = Release|Any CPU
		{CC199C73-08DA-48DA-950E-767C15357EED}.AppStore|x64.ActiveCfg = Release|Any CPU
		{CC199C73-08DA-48DA-950E-767C15357EED}.AppStore|x64.Build.0 = Release|Any CPU
		{CC199C73-08DA-48DA-950E-767C15357EED}.AppStore|x86.ActiveCfg = Release|Any CPU
		{CC199C73-08DA-48DA-950E-767C15357EED}.AppStore|x86.Build.0 = Release|Any CPU
		{CC199C73-08DA-48DA-950E-767C15357EED}.Debug|Any CPU.ActiveCfg = Debug|Any CPU
		{CC199C73-08DA-48DA-950E-767C15357EED}.Debug|Any CPU.Build.0 = Debug|Any CPU
		{CC199C73-08DA-48DA-950E-767C15357EED}.Debug|ARM.ActiveCfg = Debug|Any CPU
		{CC199C73-08DA-48DA-950E-767C15357EED}.Debug|ARM.Build.0 = Debug|Any CPU
		{CC199C73-08DA-48DA-950E-767C15357EED}.Debug|iPhone.ActiveCfg = Debug|Any CPU
		{CC199C73-08DA-48DA-950E-767C15357EED}.Debug|iPhone.Build.0 = Debug|Any CPU
		{CC199C73-08DA-48DA-950E-767C15357EED}.Debug|iPhoneSimulator.ActiveCfg = Debug|Any CPU
		{CC199C73-08DA-48DA-950E-767C15357EED}.Debug|iPhoneSimulator.Build.0 = Debug|Any CPU
		{CC199C73-08DA-48DA-950E-767C15357EED}.Debug|x64.ActiveCfg = Debug|Any CPU
		{CC199C73-08DA-48DA-950E-767C15357EED}.Debug|x64.Build.0 = Debug|Any CPU
		{CC199C73-08DA-48DA-950E-767C15357EED}.Debug|x86.ActiveCfg = Debug|Any CPU
		{CC199C73-08DA-48DA-950E-767C15357EED}.Debug|x86.Build.0 = Debug|Any CPU
		{CC199C73-08DA-48DA-950E-767C15357EED}.Release|Any CPU.ActiveCfg = Release|Any CPU
		{CC199C73-08DA-48DA-950E-767C15357EED}.Release|Any CPU.Build.0 = Release|Any CPU
		{CC199C73-08DA-48DA-950E-767C15357EED}.Release|ARM.ActiveCfg = Release|Any CPU
		{CC199C73-08DA-48DA-950E-767C15357EED}.Release|ARM.Build.0 = Release|Any CPU
		{CC199C73-08DA-48DA-950E-767C15357EED}.Release|iPhone.ActiveCfg = Release|Any CPU
		{CC199C73-08DA-48DA-950E-767C15357EED}.Release|iPhone.Build.0 = Release|Any CPU
		{CC199C73-08DA-48DA-950E-767C15357EED}.Release|iPhoneSimulator.ActiveCfg = Release|Any CPU
		{CC199C73-08DA-48DA-950E-767C15357EED}.Release|iPhoneSimulator.Build.0 = Release|Any CPU
		{CC199C73-08DA-48DA-950E-767C15357EED}.Release|x64.ActiveCfg = Release|Any CPU
		{CC199C73-08DA-48DA-950E-767C15357EED}.Release|x64.Build.0 = Release|Any CPU
		{CC199C73-08DA-48DA-950E-767C15357EED}.Release|x86.ActiveCfg = Release|Any CPU
		{CC199C73-08DA-48DA-950E-767C15357EED}.Release|x86.Build.0 = Release|Any CPU
		{7191BFE5-75F6-42AB-BF9F-CBF0897A5723}.Ad-Hoc|Any CPU.ActiveCfg = Debug|Any CPU
		{7191BFE5-75F6-42AB-BF9F-CBF0897A5723}.Ad-Hoc|Any CPU.Build.0 = Debug|Any CPU
		{7191BFE5-75F6-42AB-BF9F-CBF0897A5723}.Ad-Hoc|ARM.ActiveCfg = Debug|Any CPU
		{7191BFE5-75F6-42AB-BF9F-CBF0897A5723}.Ad-Hoc|ARM.Build.0 = Debug|Any CPU
		{7191BFE5-75F6-42AB-BF9F-CBF0897A5723}.Ad-Hoc|iPhone.ActiveCfg = Debug|Any CPU
		{7191BFE5-75F6-42AB-BF9F-CBF0897A5723}.Ad-Hoc|iPhone.Build.0 = Debug|Any CPU
		{7191BFE5-75F6-42AB-BF9F-CBF0897A5723}.Ad-Hoc|iPhoneSimulator.ActiveCfg = Debug|Any CPU
		{7191BFE5-75F6-42AB-BF9F-CBF0897A5723}.Ad-Hoc|iPhoneSimulator.Build.0 = Debug|Any CPU
		{7191BFE5-75F6-42AB-BF9F-CBF0897A5723}.Ad-Hoc|x64.ActiveCfg = Debug|Any CPU
		{7191BFE5-75F6-42AB-BF9F-CBF0897A5723}.Ad-Hoc|x64.Build.0 = Debug|Any CPU
		{7191BFE5-75F6-42AB-BF9F-CBF0897A5723}.Ad-Hoc|x86.ActiveCfg = Debug|Any CPU
		{7191BFE5-75F6-42AB-BF9F-CBF0897A5723}.Ad-Hoc|x86.Build.0 = Debug|Any CPU
		{7191BFE5-75F6-42AB-BF9F-CBF0897A5723}.AppStore|Any CPU.ActiveCfg = Debug|Any CPU
		{7191BFE5-75F6-42AB-BF9F-CBF0897A5723}.AppStore|Any CPU.Build.0 = Debug|Any CPU
		{7191BFE5-75F6-42AB-BF9F-CBF0897A5723}.AppStore|ARM.ActiveCfg = Debug|Any CPU
		{7191BFE5-75F6-42AB-BF9F-CBF0897A5723}.AppStore|ARM.Build.0 = Debug|Any CPU
		{7191BFE5-75F6-42AB-BF9F-CBF0897A5723}.AppStore|iPhone.ActiveCfg = Debug|Any CPU
		{7191BFE5-75F6-42AB-BF9F-CBF0897A5723}.AppStore|iPhone.Build.0 = Debug|Any CPU
		{7191BFE5-75F6-42AB-BF9F-CBF0897A5723}.AppStore|iPhoneSimulator.ActiveCfg = Debug|Any CPU
		{7191BFE5-75F6-42AB-BF9F-CBF0897A5723}.AppStore|iPhoneSimulator.Build.0 = Debug|Any CPU
		{7191BFE5-75F6-42AB-BF9F-CBF0897A5723}.AppStore|x64.ActiveCfg = Debug|Any CPU
		{7191BFE5-75F6-42AB-BF9F-CBF0897A5723}.AppStore|x64.Build.0 = Debug|Any CPU
		{7191BFE5-75F6-42AB-BF9F-CBF0897A5723}.AppStore|x86.ActiveCfg = Debug|Any CPU
		{7191BFE5-75F6-42AB-BF9F-CBF0897A5723}.AppStore|x86.Build.0 = Debug|Any CPU
		{7191BFE5-75F6-42AB-BF9F-CBF0897A5723}.Debug|Any CPU.ActiveCfg = Debug|Any CPU
		{7191BFE5-75F6-42AB-BF9F-CBF0897A5723}.Debug|Any CPU.Build.0 = Debug|Any CPU
		{7191BFE5-75F6-42AB-BF9F-CBF0897A5723}.Debug|ARM.ActiveCfg = Debug|Any CPU
		{7191BFE5-75F6-42AB-BF9F-CBF0897A5723}.Debug|ARM.Build.0 = Debug|Any CPU
		{7191BFE5-75F6-42AB-BF9F-CBF0897A5723}.Debug|iPhone.ActiveCfg = Debug|Any CPU
		{7191BFE5-75F6-42AB-BF9F-CBF0897A5723}.Debug|iPhone.Build.0 = Debug|Any CPU
		{7191BFE5-75F6-42AB-BF9F-CBF0897A5723}.Debug|iPhoneSimulator.ActiveCfg = Debug|Any CPU
		{7191BFE5-75F6-42AB-BF9F-CBF0897A5723}.Debug|iPhoneSimulator.Build.0 = Debug|Any CPU
		{7191BFE5-75F6-42AB-BF9F-CBF0897A5723}.Debug|x64.ActiveCfg = Debug|Any CPU
		{7191BFE5-75F6-42AB-BF9F-CBF0897A5723}.Debug|x64.Build.0 = Debug|Any CPU
		{7191BFE5-75F6-42AB-BF9F-CBF0897A5723}.Debug|x86.ActiveCfg = Debug|Any CPU
		{7191BFE5-75F6-42AB-BF9F-CBF0897A5723}.Debug|x86.Build.0 = Debug|Any CPU
		{7191BFE5-75F6-42AB-BF9F-CBF0897A5723}.Release|Any CPU.ActiveCfg = Release|Any CPU
		{7191BFE5-75F6-42AB-BF9F-CBF0897A5723}.Release|Any CPU.Build.0 = Release|Any CPU
		{7191BFE5-75F6-42AB-BF9F-CBF0897A5723}.Release|ARM.ActiveCfg = Release|Any CPU
		{7191BFE5-75F6-42AB-BF9F-CBF0897A5723}.Release|ARM.Build.0 = Release|Any CPU
		{7191BFE5-75F6-42AB-BF9F-CBF0897A5723}.Release|iPhone.ActiveCfg = Release|Any CPU
		{7191BFE5-75F6-42AB-BF9F-CBF0897A5723}.Release|iPhone.Build.0 = Release|Any CPU
		{7191BFE5-75F6-42AB-BF9F-CBF0897A5723}.Release|iPhoneSimulator.ActiveCfg = Release|Any CPU
		{7191BFE5-75F6-42AB-BF9F-CBF0897A5723}.Release|iPhoneSimulator.Build.0 = Release|Any CPU
		{7191BFE5-75F6-42AB-BF9F-CBF0897A5723}.Release|x64.ActiveCfg = Release|Any CPU
		{7191BFE5-75F6-42AB-BF9F-CBF0897A5723}.Release|x64.Build.0 = Release|Any CPU
		{7191BFE5-75F6-42AB-BF9F-CBF0897A5723}.Release|x86.ActiveCfg = Release|Any CPU
		{7191BFE5-75F6-42AB-BF9F-CBF0897A5723}.Release|x86.Build.0 = Release|Any CPU
		{73ABAEB9-44E5-4AAC-85E7-CC826145C686}.Ad-Hoc|Any CPU.ActiveCfg = Release|Any CPU
		{73ABAEB9-44E5-4AAC-85E7-CC826145C686}.Ad-Hoc|Any CPU.Build.0 = Release|Any CPU
		{73ABAEB9-44E5-4AAC-85E7-CC826145C686}.Ad-Hoc|Any CPU.Deploy.0 = Release|Any CPU
		{73ABAEB9-44E5-4AAC-85E7-CC826145C686}.Ad-Hoc|ARM.ActiveCfg = Release|Any CPU
		{73ABAEB9-44E5-4AAC-85E7-CC826145C686}.Ad-Hoc|ARM.Build.0 = Release|Any CPU
		{73ABAEB9-44E5-4AAC-85E7-CC826145C686}.Ad-Hoc|ARM.Deploy.0 = Release|Any CPU
		{73ABAEB9-44E5-4AAC-85E7-CC826145C686}.Ad-Hoc|iPhone.ActiveCfg = Release|Any CPU
		{73ABAEB9-44E5-4AAC-85E7-CC826145C686}.Ad-Hoc|iPhone.Build.0 = Release|Any CPU
		{73ABAEB9-44E5-4AAC-85E7-CC826145C686}.Ad-Hoc|iPhone.Deploy.0 = Release|Any CPU
		{73ABAEB9-44E5-4AAC-85E7-CC826145C686}.Ad-Hoc|iPhoneSimulator.ActiveCfg = Release|Any CPU
		{73ABAEB9-44E5-4AAC-85E7-CC826145C686}.Ad-Hoc|iPhoneSimulator.Build.0 = Release|Any CPU
		{73ABAEB9-44E5-4AAC-85E7-CC826145C686}.Ad-Hoc|iPhoneSimulator.Deploy.0 = Release|Any CPU
		{73ABAEB9-44E5-4AAC-85E7-CC826145C686}.Ad-Hoc|x64.ActiveCfg = Release|Any CPU
		{73ABAEB9-44E5-4AAC-85E7-CC826145C686}.Ad-Hoc|x64.Build.0 = Release|Any CPU
		{73ABAEB9-44E5-4AAC-85E7-CC826145C686}.Ad-Hoc|x64.Deploy.0 = Release|Any CPU
		{73ABAEB9-44E5-4AAC-85E7-CC826145C686}.Ad-Hoc|x86.ActiveCfg = Release|Any CPU
		{73ABAEB9-44E5-4AAC-85E7-CC826145C686}.Ad-Hoc|x86.Build.0 = Release|Any CPU
		{73ABAEB9-44E5-4AAC-85E7-CC826145C686}.Ad-Hoc|x86.Deploy.0 = Release|Any CPU
		{73ABAEB9-44E5-4AAC-85E7-CC826145C686}.AppStore|Any CPU.ActiveCfg = Release|Any CPU
		{73ABAEB9-44E5-4AAC-85E7-CC826145C686}.AppStore|Any CPU.Build.0 = Release|Any CPU
		{73ABAEB9-44E5-4AAC-85E7-CC826145C686}.AppStore|Any CPU.Deploy.0 = Release|Any CPU
		{73ABAEB9-44E5-4AAC-85E7-CC826145C686}.AppStore|ARM.ActiveCfg = Release|Any CPU
		{73ABAEB9-44E5-4AAC-85E7-CC826145C686}.AppStore|ARM.Build.0 = Release|Any CPU
		{73ABAEB9-44E5-4AAC-85E7-CC826145C686}.AppStore|ARM.Deploy.0 = Release|Any CPU
		{73ABAEB9-44E5-4AAC-85E7-CC826145C686}.AppStore|iPhone.ActiveCfg = Release|Any CPU
		{73ABAEB9-44E5-4AAC-85E7-CC826145C686}.AppStore|iPhone.Build.0 = Release|Any CPU
		{73ABAEB9-44E5-4AAC-85E7-CC826145C686}.AppStore|iPhone.Deploy.0 = Release|Any CPU
		{73ABAEB9-44E5-4AAC-85E7-CC826145C686}.AppStore|iPhoneSimulator.ActiveCfg = Release|Any CPU
		{73ABAEB9-44E5-4AAC-85E7-CC826145C686}.AppStore|iPhoneSimulator.Build.0 = Release|Any CPU
		{73ABAEB9-44E5-4AAC-85E7-CC826145C686}.AppStore|iPhoneSimulator.Deploy.0 = Release|Any CPU
		{73ABAEB9-44E5-4AAC-85E7-CC826145C686}.AppStore|x64.ActiveCfg = Release|Any CPU
		{73ABAEB9-44E5-4AAC-85E7-CC826145C686}.AppStore|x64.Build.0 = Release|Any CPU
		{73ABAEB9-44E5-4AAC-85E7-CC826145C686}.AppStore|x64.Deploy.0 = Release|Any CPU
		{73ABAEB9-44E5-4AAC-85E7-CC826145C686}.AppStore|x86.ActiveCfg = Release|Any CPU
		{73ABAEB9-44E5-4AAC-85E7-CC826145C686}.AppStore|x86.Build.0 = Release|Any CPU
		{73ABAEB9-44E5-4AAC-85E7-CC826145C686}.AppStore|x86.Deploy.0 = Release|Any CPU
		{73ABAEB9-44E5-4AAC-85E7-CC826145C686}.Debug|Any CPU.ActiveCfg = Debug|Any CPU
		{73ABAEB9-44E5-4AAC-85E7-CC826145C686}.Debug|Any CPU.Build.0 = Debug|Any CPU
		{73ABAEB9-44E5-4AAC-85E7-CC826145C686}.Debug|Any CPU.Deploy.0 = Debug|Any CPU
		{73ABAEB9-44E5-4AAC-85E7-CC826145C686}.Debug|ARM.ActiveCfg = Debug|Any CPU
		{73ABAEB9-44E5-4AAC-85E7-CC826145C686}.Debug|ARM.Build.0 = Debug|Any CPU
		{73ABAEB9-44E5-4AAC-85E7-CC826145C686}.Debug|ARM.Deploy.0 = Debug|Any CPU
		{73ABAEB9-44E5-4AAC-85E7-CC826145C686}.Debug|iPhone.ActiveCfg = Debug|Any CPU
		{73ABAEB9-44E5-4AAC-85E7-CC826145C686}.Debug|iPhone.Build.0 = Debug|Any CPU
		{73ABAEB9-44E5-4AAC-85E7-CC826145C686}.Debug|iPhone.Deploy.0 = Debug|Any CPU
		{73ABAEB9-44E5-4AAC-85E7-CC826145C686}.Debug|iPhoneSimulator.ActiveCfg = Debug|Any CPU
		{73ABAEB9-44E5-4AAC-85E7-CC826145C686}.Debug|iPhoneSimulator.Build.0 = Debug|Any CPU
		{73ABAEB9-44E5-4AAC-85E7-CC826145C686}.Debug|iPhoneSimulator.Deploy.0 = Debug|Any CPU
		{73ABAEB9-44E5-4AAC-85E7-CC826145C686}.Debug|x64.ActiveCfg = Debug|Any CPU
		{73ABAEB9-44E5-4AAC-85E7-CC826145C686}.Debug|x64.Build.0 = Debug|Any CPU
		{73ABAEB9-44E5-4AAC-85E7-CC826145C686}.Debug|x64.Deploy.0 = Debug|Any CPU
		{73ABAEB9-44E5-4AAC-85E7-CC826145C686}.Debug|x86.ActiveCfg = Debug|Any CPU
		{73ABAEB9-44E5-4AAC-85E7-CC826145C686}.Debug|x86.Build.0 = Debug|Any CPU
		{73ABAEB9-44E5-4AAC-85E7-CC826145C686}.Debug|x86.Deploy.0 = Debug|Any CPU
		{73ABAEB9-44E5-4AAC-85E7-CC826145C686}.Release|Any CPU.ActiveCfg = Release|Any CPU
		{73ABAEB9-44E5-4AAC-85E7-CC826145C686}.Release|Any CPU.Build.0 = Release|Any CPU
		{73ABAEB9-44E5-4AAC-85E7-CC826145C686}.Release|Any CPU.Deploy.0 = Release|Any CPU
		{73ABAEB9-44E5-4AAC-85E7-CC826145C686}.Release|ARM.ActiveCfg = Release|Any CPU
		{73ABAEB9-44E5-4AAC-85E7-CC826145C686}.Release|ARM.Build.0 = Release|Any CPU
		{73ABAEB9-44E5-4AAC-85E7-CC826145C686}.Release|ARM.Deploy.0 = Release|Any CPU
		{73ABAEB9-44E5-4AAC-85E7-CC826145C686}.Release|iPhone.ActiveCfg = Release|Any CPU
		{73ABAEB9-44E5-4AAC-85E7-CC826145C686}.Release|iPhone.Build.0 = Release|Any CPU
		{73ABAEB9-44E5-4AAC-85E7-CC826145C686}.Release|iPhone.Deploy.0 = Release|Any CPU
		{73ABAEB9-44E5-4AAC-85E7-CC826145C686}.Release|iPhoneSimulator.ActiveCfg = Release|Any CPU
		{73ABAEB9-44E5-4AAC-85E7-CC826145C686}.Release|iPhoneSimulator.Build.0 = Release|Any CPU
		{73ABAEB9-44E5-4AAC-85E7-CC826145C686}.Release|iPhoneSimulator.Deploy.0 = Release|Any CPU
		{73ABAEB9-44E5-4AAC-85E7-CC826145C686}.Release|x64.ActiveCfg = Release|Any CPU
		{73ABAEB9-44E5-4AAC-85E7-CC826145C686}.Release|x64.Build.0 = Release|Any CPU
		{73ABAEB9-44E5-4AAC-85E7-CC826145C686}.Release|x64.Deploy.0 = Release|Any CPU
		{73ABAEB9-44E5-4AAC-85E7-CC826145C686}.Release|x86.ActiveCfg = Release|Any CPU
		{73ABAEB9-44E5-4AAC-85E7-CC826145C686}.Release|x86.Build.0 = Release|Any CPU
		{73ABAEB9-44E5-4AAC-85E7-CC826145C686}.Release|x86.Deploy.0 = Release|Any CPU
		{A0D9B240-BEE1-4B95-AF05-0EC4A5868DC1}.Ad-Hoc|Any CPU.ActiveCfg = Ad-Hoc|iPhone
		{A0D9B240-BEE1-4B95-AF05-0EC4A5868DC1}.Ad-Hoc|ARM.ActiveCfg = Ad-Hoc|iPhone
		{A0D9B240-BEE1-4B95-AF05-0EC4A5868DC1}.Ad-Hoc|iPhone.ActiveCfg = Ad-Hoc|iPhone
		{A0D9B240-BEE1-4B95-AF05-0EC4A5868DC1}.Ad-Hoc|iPhone.Build.0 = Ad-Hoc|iPhone
		{A0D9B240-BEE1-4B95-AF05-0EC4A5868DC1}.Ad-Hoc|iPhoneSimulator.ActiveCfg = Ad-Hoc|iPhoneSimulator
		{A0D9B240-BEE1-4B95-AF05-0EC4A5868DC1}.Ad-Hoc|iPhoneSimulator.Build.0 = Ad-Hoc|iPhoneSimulator
		{A0D9B240-BEE1-4B95-AF05-0EC4A5868DC1}.Ad-Hoc|x64.ActiveCfg = Ad-Hoc|iPhone
		{A0D9B240-BEE1-4B95-AF05-0EC4A5868DC1}.Ad-Hoc|x86.ActiveCfg = Ad-Hoc|iPhone
		{A0D9B240-BEE1-4B95-AF05-0EC4A5868DC1}.AppStore|Any CPU.ActiveCfg = AppStore|iPhone
		{A0D9B240-BEE1-4B95-AF05-0EC4A5868DC1}.AppStore|ARM.ActiveCfg = AppStore|iPhone
		{A0D9B240-BEE1-4B95-AF05-0EC4A5868DC1}.AppStore|iPhone.ActiveCfg = AppStore|iPhone
		{A0D9B240-BEE1-4B95-AF05-0EC4A5868DC1}.AppStore|iPhone.Build.0 = AppStore|iPhone
		{A0D9B240-BEE1-4B95-AF05-0EC4A5868DC1}.AppStore|iPhoneSimulator.ActiveCfg = AppStore|iPhoneSimulator
		{A0D9B240-BEE1-4B95-AF05-0EC4A5868DC1}.AppStore|iPhoneSimulator.Build.0 = AppStore|iPhoneSimulator
		{A0D9B240-BEE1-4B95-AF05-0EC4A5868DC1}.AppStore|x64.ActiveCfg = AppStore|iPhone
		{A0D9B240-BEE1-4B95-AF05-0EC4A5868DC1}.AppStore|x86.ActiveCfg = AppStore|iPhone
		{A0D9B240-BEE1-4B95-AF05-0EC4A5868DC1}.Debug|Any CPU.ActiveCfg = Debug|iPhone
		{A0D9B240-BEE1-4B95-AF05-0EC4A5868DC1}.Debug|ARM.ActiveCfg = Debug|iPhone
		{A0D9B240-BEE1-4B95-AF05-0EC4A5868DC1}.Debug|iPhone.ActiveCfg = Debug|iPhone
		{A0D9B240-BEE1-4B95-AF05-0EC4A5868DC1}.Debug|iPhone.Build.0 = Debug|iPhone
		{A0D9B240-BEE1-4B95-AF05-0EC4A5868DC1}.Debug|iPhoneSimulator.ActiveCfg = Debug|iPhoneSimulator
		{A0D9B240-BEE1-4B95-AF05-0EC4A5868DC1}.Debug|iPhoneSimulator.Build.0 = Debug|iPhoneSimulator
		{A0D9B240-BEE1-4B95-AF05-0EC4A5868DC1}.Debug|x64.ActiveCfg = Debug|iPhone
		{A0D9B240-BEE1-4B95-AF05-0EC4A5868DC1}.Debug|x86.ActiveCfg = Debug|iPhone
		{A0D9B240-BEE1-4B95-AF05-0EC4A5868DC1}.Release|Any CPU.ActiveCfg = Release|iPhone
		{A0D9B240-BEE1-4B95-AF05-0EC4A5868DC1}.Release|ARM.ActiveCfg = Release|iPhone
		{A0D9B240-BEE1-4B95-AF05-0EC4A5868DC1}.Release|iPhone.ActiveCfg = Release|iPhone
		{A0D9B240-BEE1-4B95-AF05-0EC4A5868DC1}.Release|iPhone.Build.0 = Release|iPhone
		{A0D9B240-BEE1-4B95-AF05-0EC4A5868DC1}.Release|iPhoneSimulator.ActiveCfg = Release|iPhoneSimulator
		{A0D9B240-BEE1-4B95-AF05-0EC4A5868DC1}.Release|iPhoneSimulator.Build.0 = Release|iPhoneSimulator
		{A0D9B240-BEE1-4B95-AF05-0EC4A5868DC1}.Release|x64.ActiveCfg = Release|iPhone
		{A0D9B240-BEE1-4B95-AF05-0EC4A5868DC1}.Release|x86.ActiveCfg = Release|iPhone
		{164CE4D6-7952-4DFC-BE39-84329B8C393B}.Ad-Hoc|Any CPU.ActiveCfg = Release|x86
		{164CE4D6-7952-4DFC-BE39-84329B8C393B}.Ad-Hoc|Any CPU.Build.0 = Release|x86
		{164CE4D6-7952-4DFC-BE39-84329B8C393B}.Ad-Hoc|Any CPU.Deploy.0 = Release|x86
		{164CE4D6-7952-4DFC-BE39-84329B8C393B}.Ad-Hoc|ARM.ActiveCfg = Release|ARM
		{164CE4D6-7952-4DFC-BE39-84329B8C393B}.Ad-Hoc|ARM.Build.0 = Release|ARM
		{164CE4D6-7952-4DFC-BE39-84329B8C393B}.Ad-Hoc|ARM.Deploy.0 = Release|ARM
		{164CE4D6-7952-4DFC-BE39-84329B8C393B}.Ad-Hoc|iPhone.ActiveCfg = Release|x86
		{164CE4D6-7952-4DFC-BE39-84329B8C393B}.Ad-Hoc|iPhone.Build.0 = Release|x86
		{164CE4D6-7952-4DFC-BE39-84329B8C393B}.Ad-Hoc|iPhone.Deploy.0 = Release|x86
		{164CE4D6-7952-4DFC-BE39-84329B8C393B}.Ad-Hoc|iPhoneSimulator.ActiveCfg = Release|x86
		{164CE4D6-7952-4DFC-BE39-84329B8C393B}.Ad-Hoc|iPhoneSimulator.Build.0 = Release|x86
		{164CE4D6-7952-4DFC-BE39-84329B8C393B}.Ad-Hoc|iPhoneSimulator.Deploy.0 = Release|x86
		{164CE4D6-7952-4DFC-BE39-84329B8C393B}.Ad-Hoc|x64.ActiveCfg = Release|x64
		{164CE4D6-7952-4DFC-BE39-84329B8C393B}.Ad-Hoc|x64.Build.0 = Release|x64
		{164CE4D6-7952-4DFC-BE39-84329B8C393B}.Ad-Hoc|x64.Deploy.0 = Release|x64
		{164CE4D6-7952-4DFC-BE39-84329B8C393B}.Ad-Hoc|x86.ActiveCfg = Release|x86
		{164CE4D6-7952-4DFC-BE39-84329B8C393B}.Ad-Hoc|x86.Build.0 = Release|x86
		{164CE4D6-7952-4DFC-BE39-84329B8C393B}.Ad-Hoc|x86.Deploy.0 = Release|x86
		{164CE4D6-7952-4DFC-BE39-84329B8C393B}.AppStore|Any CPU.ActiveCfg = Release|x86
		{164CE4D6-7952-4DFC-BE39-84329B8C393B}.AppStore|Any CPU.Build.0 = Release|x86
		{164CE4D6-7952-4DFC-BE39-84329B8C393B}.AppStore|Any CPU.Deploy.0 = Release|x86
		{164CE4D6-7952-4DFC-BE39-84329B8C393B}.AppStore|ARM.ActiveCfg = Release|ARM
		{164CE4D6-7952-4DFC-BE39-84329B8C393B}.AppStore|ARM.Build.0 = Release|ARM
		{164CE4D6-7952-4DFC-BE39-84329B8C393B}.AppStore|ARM.Deploy.0 = Release|ARM
		{164CE4D6-7952-4DFC-BE39-84329B8C393B}.AppStore|iPhone.ActiveCfg = Release|x86
		{164CE4D6-7952-4DFC-BE39-84329B8C393B}.AppStore|iPhone.Build.0 = Release|x86
		{164CE4D6-7952-4DFC-BE39-84329B8C393B}.AppStore|iPhone.Deploy.0 = Release|x86
		{164CE4D6-7952-4DFC-BE39-84329B8C393B}.AppStore|iPhoneSimulator.ActiveCfg = Release|x86
		{164CE4D6-7952-4DFC-BE39-84329B8C393B}.AppStore|iPhoneSimulator.Build.0 = Release|x86
		{164CE4D6-7952-4DFC-BE39-84329B8C393B}.AppStore|iPhoneSimulator.Deploy.0 = Release|x86
		{164CE4D6-7952-4DFC-BE39-84329B8C393B}.AppStore|x64.ActiveCfg = Release|x64
		{164CE4D6-7952-4DFC-BE39-84329B8C393B}.AppStore|x64.Build.0 = Release|x64
		{164CE4D6-7952-4DFC-BE39-84329B8C393B}.AppStore|x64.Deploy.0 = Release|x64
		{164CE4D6-7952-4DFC-BE39-84329B8C393B}.AppStore|x86.ActiveCfg = Release|x86
		{164CE4D6-7952-4DFC-BE39-84329B8C393B}.AppStore|x86.Build.0 = Release|x86
		{164CE4D6-7952-4DFC-BE39-84329B8C393B}.AppStore|x86.Deploy.0 = Release|x86
		{164CE4D6-7952-4DFC-BE39-84329B8C393B}.Debug|Any CPU.ActiveCfg = Debug|x86
		{164CE4D6-7952-4DFC-BE39-84329B8C393B}.Debug|ARM.ActiveCfg = Debug|ARM
		{164CE4D6-7952-4DFC-BE39-84329B8C393B}.Debug|ARM.Build.0 = Debug|ARM
		{164CE4D6-7952-4DFC-BE39-84329B8C393B}.Debug|ARM.Deploy.0 = Debug|ARM
		{164CE4D6-7952-4DFC-BE39-84329B8C393B}.Debug|iPhone.ActiveCfg = Debug|x86
		{164CE4D6-7952-4DFC-BE39-84329B8C393B}.Debug|iPhoneSimulator.ActiveCfg = Debug|x86
		{164CE4D6-7952-4DFC-BE39-84329B8C393B}.Debug|x64.ActiveCfg = Debug|x64
		{164CE4D6-7952-4DFC-BE39-84329B8C393B}.Debug|x64.Build.0 = Debug|x64
		{164CE4D6-7952-4DFC-BE39-84329B8C393B}.Debug|x64.Deploy.0 = Debug|x64
		{164CE4D6-7952-4DFC-BE39-84329B8C393B}.Debug|x86.ActiveCfg = Debug|x86
		{164CE4D6-7952-4DFC-BE39-84329B8C393B}.Debug|x86.Build.0 = Debug|x86
		{164CE4D6-7952-4DFC-BE39-84329B8C393B}.Debug|x86.Deploy.0 = Debug|x86
		{164CE4D6-7952-4DFC-BE39-84329B8C393B}.Release|Any CPU.ActiveCfg = Release|x86
		{164CE4D6-7952-4DFC-BE39-84329B8C393B}.Release|ARM.ActiveCfg = Release|ARM
		{164CE4D6-7952-4DFC-BE39-84329B8C393B}.Release|ARM.Build.0 = Release|ARM
		{164CE4D6-7952-4DFC-BE39-84329B8C393B}.Release|ARM.Deploy.0 = Release|ARM
		{164CE4D6-7952-4DFC-BE39-84329B8C393B}.Release|iPhone.ActiveCfg = Release|x86
		{164CE4D6-7952-4DFC-BE39-84329B8C393B}.Release|iPhoneSimulator.ActiveCfg = Release|x86
		{164CE4D6-7952-4DFC-BE39-84329B8C393B}.Release|x64.ActiveCfg = Release|x64
		{164CE4D6-7952-4DFC-BE39-84329B8C393B}.Release|x64.Build.0 = Release|x64
		{164CE4D6-7952-4DFC-BE39-84329B8C393B}.Release|x64.Deploy.0 = Release|x64
		{164CE4D6-7952-4DFC-BE39-84329B8C393B}.Release|x86.ActiveCfg = Release|x86
		{164CE4D6-7952-4DFC-BE39-84329B8C393B}.Release|x86.Build.0 = Release|x86
		{164CE4D6-7952-4DFC-BE39-84329B8C393B}.Release|x86.Deploy.0 = Release|x86
		{78FE2733-188A-475A-AC07-3CDF58627A5E}.Ad-Hoc|Any CPU.ActiveCfg = Release|Any CPU
		{78FE2733-188A-475A-AC07-3CDF58627A5E}.Ad-Hoc|Any CPU.Build.0 = Release|Any CPU
		{78FE2733-188A-475A-AC07-3CDF58627A5E}.Ad-Hoc|ARM.ActiveCfg = Release|Any CPU
		{78FE2733-188A-475A-AC07-3CDF58627A5E}.Ad-Hoc|ARM.Build.0 = Release|Any CPU
		{78FE2733-188A-475A-AC07-3CDF58627A5E}.Ad-Hoc|iPhone.ActiveCfg = Release|Any CPU
		{78FE2733-188A-475A-AC07-3CDF58627A5E}.Ad-Hoc|iPhone.Build.0 = Release|Any CPU
		{78FE2733-188A-475A-AC07-3CDF58627A5E}.Ad-Hoc|iPhoneSimulator.ActiveCfg = Release|Any CPU
		{78FE2733-188A-475A-AC07-3CDF58627A5E}.Ad-Hoc|iPhoneSimulator.Build.0 = Release|Any CPU
		{78FE2733-188A-475A-AC07-3CDF58627A5E}.Ad-Hoc|x64.ActiveCfg = Release|Any CPU
		{78FE2733-188A-475A-AC07-3CDF58627A5E}.Ad-Hoc|x64.Build.0 = Release|Any CPU
		{78FE2733-188A-475A-AC07-3CDF58627A5E}.Ad-Hoc|x86.ActiveCfg = Release|Any CPU
		{78FE2733-188A-475A-AC07-3CDF58627A5E}.Ad-Hoc|x86.Build.0 = Release|Any CPU
		{78FE2733-188A-475A-AC07-3CDF58627A5E}.AppStore|Any CPU.ActiveCfg = Release|Any CPU
		{78FE2733-188A-475A-AC07-3CDF58627A5E}.AppStore|Any CPU.Build.0 = Release|Any CPU
		{78FE2733-188A-475A-AC07-3CDF58627A5E}.AppStore|ARM.ActiveCfg = Release|Any CPU
		{78FE2733-188A-475A-AC07-3CDF58627A5E}.AppStore|ARM.Build.0 = Release|Any CPU
		{78FE2733-188A-475A-AC07-3CDF58627A5E}.AppStore|iPhone.ActiveCfg = Release|Any CPU
		{78FE2733-188A-475A-AC07-3CDF58627A5E}.AppStore|iPhone.Build.0 = Release|Any CPU
		{78FE2733-188A-475A-AC07-3CDF58627A5E}.AppStore|iPhoneSimulator.ActiveCfg = Release|Any CPU
		{78FE2733-188A-475A-AC07-3CDF58627A5E}.AppStore|iPhoneSimulator.Build.0 = Release|Any CPU
		{78FE2733-188A-475A-AC07-3CDF58627A5E}.AppStore|x64.ActiveCfg = Release|Any CPU
		{78FE2733-188A-475A-AC07-3CDF58627A5E}.AppStore|x64.Build.0 = Release|Any CPU
		{78FE2733-188A-475A-AC07-3CDF58627A5E}.AppStore|x86.ActiveCfg = Release|Any CPU
		{78FE2733-188A-475A-AC07-3CDF58627A5E}.AppStore|x86.Build.0 = Release|Any CPU
		{78FE2733-188A-475A-AC07-3CDF58627A5E}.Debug|Any CPU.ActiveCfg = Debug|Any CPU
		{78FE2733-188A-475A-AC07-3CDF58627A5E}.Debug|Any CPU.Build.0 = Debug|Any CPU
		{78FE2733-188A-475A-AC07-3CDF58627A5E}.Debug|ARM.ActiveCfg = Debug|Any CPU
		{78FE2733-188A-475A-AC07-3CDF58627A5E}.Debug|ARM.Build.0 = Debug|Any CPU
		{78FE2733-188A-475A-AC07-3CDF58627A5E}.Debug|iPhone.ActiveCfg = Debug|Any CPU
		{78FE2733-188A-475A-AC07-3CDF58627A5E}.Debug|iPhone.Build.0 = Debug|Any CPU
		{78FE2733-188A-475A-AC07-3CDF58627A5E}.Debug|iPhoneSimulator.ActiveCfg = Debug|Any CPU
		{78FE2733-188A-475A-AC07-3CDF58627A5E}.Debug|iPhoneSimulator.Build.0 = Debug|Any CPU
		{78FE2733-188A-475A-AC07-3CDF58627A5E}.Debug|x64.ActiveCfg = Debug|Any CPU
		{78FE2733-188A-475A-AC07-3CDF58627A5E}.Debug|x64.Build.0 = Debug|Any CPU
		{78FE2733-188A-475A-AC07-3CDF58627A5E}.Debug|x86.ActiveCfg = Debug|Any CPU
		{78FE2733-188A-475A-AC07-3CDF58627A5E}.Debug|x86.Build.0 = Debug|Any CPU
		{78FE2733-188A-475A-AC07-3CDF58627A5E}.Release|Any CPU.ActiveCfg = Release|Any CPU
		{78FE2733-188A-475A-AC07-3CDF58627A5E}.Release|Any CPU.Build.0 = Release|Any CPU
		{78FE2733-188A-475A-AC07-3CDF58627A5E}.Release|ARM.ActiveCfg = Release|Any CPU
		{78FE2733-188A-475A-AC07-3CDF58627A5E}.Release|ARM.Build.0 = Release|Any CPU
		{78FE2733-188A-475A-AC07-3CDF58627A5E}.Release|iPhone.ActiveCfg = Release|Any CPU
		{78FE2733-188A-475A-AC07-3CDF58627A5E}.Release|iPhone.Build.0 = Release|Any CPU
		{78FE2733-188A-475A-AC07-3CDF58627A5E}.Release|iPhoneSimulator.ActiveCfg = Release|Any CPU
		{78FE2733-188A-475A-AC07-3CDF58627A5E}.Release|iPhoneSimulator.Build.0 = Release|Any CPU
		{78FE2733-188A-475A-AC07-3CDF58627A5E}.Release|x64.ActiveCfg = Release|Any CPU
		{78FE2733-188A-475A-AC07-3CDF58627A5E}.Release|x64.Build.0 = Release|Any CPU
		{78FE2733-188A-475A-AC07-3CDF58627A5E}.Release|x86.ActiveCfg = Release|Any CPU
		{78FE2733-188A-475A-AC07-3CDF58627A5E}.Release|x86.Build.0 = Release|Any CPU
		{CF640492-272A-4122-BFD0-7442BE461D63}.Ad-Hoc|Any CPU.ActiveCfg = Release|Any CPU
		{CF640492-272A-4122-BFD0-7442BE461D63}.Ad-Hoc|Any CPU.Build.0 = Release|Any CPU
		{CF640492-272A-4122-BFD0-7442BE461D63}.Ad-Hoc|ARM.ActiveCfg = Release|Any CPU
		{CF640492-272A-4122-BFD0-7442BE461D63}.Ad-Hoc|ARM.Build.0 = Release|Any CPU
		{CF640492-272A-4122-BFD0-7442BE461D63}.Ad-Hoc|iPhone.ActiveCfg = Release|Any CPU
		{CF640492-272A-4122-BFD0-7442BE461D63}.Ad-Hoc|iPhone.Build.0 = Release|Any CPU
		{CF640492-272A-4122-BFD0-7442BE461D63}.Ad-Hoc|iPhoneSimulator.ActiveCfg = Release|Any CPU
		{CF640492-272A-4122-BFD0-7442BE461D63}.Ad-Hoc|iPhoneSimulator.Build.0 = Release|Any CPU
		{CF640492-272A-4122-BFD0-7442BE461D63}.Ad-Hoc|x64.ActiveCfg = Release|Any CPU
		{CF640492-272A-4122-BFD0-7442BE461D63}.Ad-Hoc|x64.Build.0 = Release|Any CPU
		{CF640492-272A-4122-BFD0-7442BE461D63}.Ad-Hoc|x86.ActiveCfg = Release|Any CPU
		{CF640492-272A-4122-BFD0-7442BE461D63}.Ad-Hoc|x86.Build.0 = Release|Any CPU
		{CF640492-272A-4122-BFD0-7442BE461D63}.AppStore|Any CPU.ActiveCfg = Release|Any CPU
		{CF640492-272A-4122-BFD0-7442BE461D63}.AppStore|Any CPU.Build.0 = Release|Any CPU
		{CF640492-272A-4122-BFD0-7442BE461D63}.AppStore|ARM.ActiveCfg = Release|Any CPU
		{CF640492-272A-4122-BFD0-7442BE461D63}.AppStore|ARM.Build.0 = Release|Any CPU
		{CF640492-272A-4122-BFD0-7442BE461D63}.AppStore|iPhone.ActiveCfg = Release|Any CPU
		{CF640492-272A-4122-BFD0-7442BE461D63}.AppStore|iPhone.Build.0 = Release|Any CPU
		{CF640492-272A-4122-BFD0-7442BE461D63}.AppStore|iPhoneSimulator.ActiveCfg = Release|Any CPU
		{CF640492-272A-4122-BFD0-7442BE461D63}.AppStore|iPhoneSimulator.Build.0 = Release|Any CPU
		{CF640492-272A-4122-BFD0-7442BE461D63}.AppStore|x64.ActiveCfg = Release|Any CPU
		{CF640492-272A-4122-BFD0-7442BE461D63}.AppStore|x64.Build.0 = Release|Any CPU
		{CF640492-272A-4122-BFD0-7442BE461D63}.AppStore|x86.ActiveCfg = Release|Any CPU
		{CF640492-272A-4122-BFD0-7442BE461D63}.AppStore|x86.Build.0 = Release|Any CPU
		{CF640492-272A-4122-BFD0-7442BE461D63}.Debug|Any CPU.ActiveCfg = Debug|Any CPU
		{CF640492-272A-4122-BFD0-7442BE461D63}.Debug|Any CPU.Build.0 = Debug|Any CPU
		{CF640492-272A-4122-BFD0-7442BE461D63}.Debug|ARM.ActiveCfg = Debug|Any CPU
		{CF640492-272A-4122-BFD0-7442BE461D63}.Debug|ARM.Build.0 = Debug|Any CPU
		{CF640492-272A-4122-BFD0-7442BE461D63}.Debug|iPhone.ActiveCfg = Debug|Any CPU
		{CF640492-272A-4122-BFD0-7442BE461D63}.Debug|iPhone.Build.0 = Debug|Any CPU
		{CF640492-272A-4122-BFD0-7442BE461D63}.Debug|iPhoneSimulator.ActiveCfg = Debug|Any CPU
		{CF640492-272A-4122-BFD0-7442BE461D63}.Debug|iPhoneSimulator.Build.0 = Debug|Any CPU
		{CF640492-272A-4122-BFD0-7442BE461D63}.Debug|x64.ActiveCfg = Debug|Any CPU
		{CF640492-272A-4122-BFD0-7442BE461D63}.Debug|x64.Build.0 = Debug|Any CPU
		{CF640492-272A-4122-BFD0-7442BE461D63}.Debug|x86.ActiveCfg = Debug|Any CPU
		{CF640492-272A-4122-BFD0-7442BE461D63}.Debug|x86.Build.0 = Debug|Any CPU
		{CF640492-272A-4122-BFD0-7442BE461D63}.Release|Any CPU.ActiveCfg = Release|Any CPU
		{CF640492-272A-4122-BFD0-7442BE461D63}.Release|Any CPU.Build.0 = Release|Any CPU
		{CF640492-272A-4122-BFD0-7442BE461D63}.Release|ARM.ActiveCfg = Release|Any CPU
		{CF640492-272A-4122-BFD0-7442BE461D63}.Release|ARM.Build.0 = Release|Any CPU
		{CF640492-272A-4122-BFD0-7442BE461D63}.Release|iPhone.ActiveCfg = Release|Any CPU
		{CF640492-272A-4122-BFD0-7442BE461D63}.Release|iPhone.Build.0 = Release|Any CPU
		{CF640492-272A-4122-BFD0-7442BE461D63}.Release|iPhoneSimulator.ActiveCfg = Release|Any CPU
		{CF640492-272A-4122-BFD0-7442BE461D63}.Release|iPhoneSimulator.Build.0 = Release|Any CPU
		{CF640492-272A-4122-BFD0-7442BE461D63}.Release|x64.ActiveCfg = Release|Any CPU
		{CF640492-272A-4122-BFD0-7442BE461D63}.Release|x64.Build.0 = Release|Any CPU
		{CF640492-272A-4122-BFD0-7442BE461D63}.Release|x86.ActiveCfg = Release|Any CPU
		{CF640492-272A-4122-BFD0-7442BE461D63}.Release|x86.Build.0 = Release|Any CPU
	EndGlobalSection
	GlobalSection(SolutionProperties) = preSolution
		HideSolutionNode = FALSE
	EndGlobalSection
	GlobalSection(NestedProjects) = preSolution
		{CC199C73-08DA-48DA-950E-767C15357EED} = {B98BCF0B-3B44-48FD-9828-B65AB6C60FF9}
		{7191BFE5-75F6-42AB-BF9F-CBF0897A5723} = {54D777BF-AB79-4D36-B43D-24F3B03DEF4C}
		{73ABAEB9-44E5-4AAC-85E7-CC826145C686} = {54D777BF-AB79-4D36-B43D-24F3B03DEF4C}
		{A0D9B240-BEE1-4B95-AF05-0EC4A5868DC1} = {54D777BF-AB79-4D36-B43D-24F3B03DEF4C}
		{164CE4D6-7952-4DFC-BE39-84329B8C393B} = {54D777BF-AB79-4D36-B43D-24F3B03DEF4C}
		{78FE2733-188A-475A-AC07-3CDF58627A5E} = {82BE138D-0A84-4A10-B624-D610DC34E5E6}
		{CF640492-272A-4122-BFD0-7442BE461D63} = {B98BCF0B-3B44-48FD-9828-B65AB6C60FF9}
	EndGlobalSection
	GlobalSection(ExtensibilityGlobals) = postSolution
		SolutionGuid = {38CDBA89-EEEF-42AD-ADFF-6EFC1D008FB2}
	EndGlobalSection
EndGlobal
