
Microsoft Visual Studio Solution File, Format Version 12.00
# Visual Studio 15
VisualStudioVersion = 15.0.28010.2026
MinimumVisualStudioVersion = 10.0.40219.1
Project("{FAE04EC0-301F-11D3-BF4B-00C04F79EFBC}") = "BLL", "BLL\BLL.csproj", "{9708B573-CFE4-432D-B97E-7DB4EFA4CA0F}"
EndProject
Project("{FAE04EC0-301F-11D3-BF4B-00C04F79EFBC}") = "Front", "Front\Front.csproj", "{3B90B7BE-8CFE-491F-A49F-1F7FD8A827CE}"
EndProject
Project("{00D1A9C2-B5F0-4AF3-8072-F6C62B433612}") = "EnginDatabase", "EnginDatabase\EnginDatabase.sqlproj", "{E3040325-161C-4BCF-82CF-B6FDDFFB644C}"
EndProject
Project("{FAE04EC0-301F-11D3-BF4B-00C04F79EFBC}") = "DAL", "DAL\DAL.csproj", "{BF483B4A-8EFB-493E-8493-7FA9E5210D94}"
EndProject
Project("{FAE04EC0-301F-11D3-BF4B-00C04F79EFBC}") = "Shared", "Shared\Shared.csproj", "{637B4990-5383-476F-8CFF-D9DA909BC92C}"
EndProject
Project("{2150E333-8FDC-42A3-9474-1A3956D46DE8}") = "MobileApp", "MobileApp", "{E30ADC72-A57E-4ABF-BAEA-379B0619962A}"
EndProject
Project("{FAE04EC0-301F-11D3-BF4B-00C04F79EFBC}") = "Mobile.Android", "Mobile\Mobile.Android\Mobile.Android.csproj", "{73ABAEB9-44E5-4AAC-85E7-CC826145C686}"
EndProject
Project("{FAE04EC0-301F-11D3-BF4B-00C04F79EFBC}") = "Mobile.iOS", "Mobile\Mobile.iOS\Mobile.iOS.csproj", "{A0D9B240-BEE1-4B95-AF05-0EC4A5868DC1}"
EndProject
Project("{FAE04EC0-301F-11D3-BF4B-00C04F79EFBC}") = "Mobile.UWP", "Mobile\Mobile.UWP\Mobile.UWP.csproj", "{164CE4D6-7952-4DFC-BE39-84329B8C393B}"
EndProject
Project("{9A19103F-16F7-4668-BE54-9A1E7A4F7556}") = "Mobile", "Mobile\Mobile\Mobile.csproj", "{9651D9B1-C8E1-4031-9B67-D38FD568E863}"
EndProject
Project("{FAE04EC0-301F-11D3-BF4B-00C04F79EFBC}") = "WebApi", "WebApi\WebApi.csproj", "{DABB69FD-05EE-4FBE-85C4-72D2870A97FC}"
EndProject
Project("{2150E333-8FDC-42A3-9474-1A3956D46DE8}") = "Bach", "Bach", "{058915C3-8B66-420C-8E8F-FB0FB8A011A0}"
EndProject
Project("{FAE04EC0-301F-11D3-BF4B-00C04F79EFBC}") = "DemandeExpireBach", "DemandeExpireBach\DemandeExpireBach.csproj", "{49C6B34C-47A1-4B34-B4CB-B51A5ED8B9B9}"
EndProject
Global
	GlobalSection(SolutionConfigurationPlatforms) = preSolution
		Ad-Hoc|Any CPU = Ad-Hoc|Any CPU
		Ad-Hoc|ARM = Ad-Hoc|ARM
		Ad-Hoc|iPhone = Ad-Hoc|iPhone
		Ad-Hoc|iPhoneSimulator = Ad-Hoc|iPhoneSimulator
		Ad-Hoc|x64 = Ad-Hoc|x64
		Ad-Hoc|x86 = Ad-Hoc|x86
		AppStore|Any CPU = AppStore|Any CPU
		AppStore|ARM = AppStore|ARM
		AppStore|iPhone = AppStore|iPhone
		AppStore|iPhoneSimulator = AppStore|iPhoneSimulator
		AppStore|x64 = AppStore|x64
		AppStore|x86 = AppStore|x86
		Debug|Any CPU = Debug|Any CPU
		Debug|ARM = Debug|ARM
		Debug|iPhone = Debug|iPhone
		Debug|iPhoneSimulator = Debug|iPhoneSimulator
		Debug|x64 = Debug|x64
		Debug|x86 = Debug|x86
		Release|Any CPU = Release|Any CPU
		Release|ARM = Release|ARM
		Release|iPhone = Release|iPhone
		Release|iPhoneSimulator = Release|iPhoneSimulator
		Release|x64 = Release|x64
		Release|x86 = Release|x86
	EndGlobalSection
	GlobalSection(ProjectConfigurationPlatforms) = postSolution
		{9708B573-CFE4-432D-B97E-7DB4EFA4CA0F}.Ad-Hoc|Any CPU.ActiveCfg = Release|Any CPU
		{9708B573-CFE4-432D-B97E-7DB4EFA4CA0F}.Ad-Hoc|Any CPU.Build.0 = Release|Any CPU
		{9708B573-CFE4-432D-B97E-7DB4EFA4CA0F}.Ad-Hoc|ARM.ActiveCfg = Release|Any CPU
		{9708B573-CFE4-432D-B97E-7DB4EFA4CA0F}.Ad-Hoc|ARM.Build.0 = Release|Any CPU
		{9708B573-CFE4-432D-B97E-7DB4EFA4CA0F}.Ad-Hoc|iPhone.ActiveCfg = Release|Any CPU
		{9708B573-CFE4-432D-B97E-7DB4EFA4CA0F}.Ad-Hoc|iPhone.Build.0 = Release|Any CPU
		{9708B573-CFE4-432D-B97E-7DB4EFA4CA0F}.Ad-Hoc|iPhoneSimulator.ActiveCfg = Release|Any CPU
		{9708B573-CFE4-432D-B97E-7DB4EFA4CA0F}.Ad-Hoc|iPhoneSimulator.Build.0 = Release|Any CPU
		{9708B573-CFE4-432D-B97E-7DB4EFA4CA0F}.Ad-Hoc|x64.ActiveCfg = Release|Any CPU
		{9708B573-CFE4-432D-B97E-7DB4EFA4CA0F}.Ad-Hoc|x64.Build.0 = Release|Any CPU
		{9708B573-CFE4-432D-B97E-7DB4EFA4CA0F}.Ad-Hoc|x86.ActiveCfg = Release|Any CPU
		{9708B573-CFE4-432D-B97E-7DB4EFA4CA0F}.Ad-Hoc|x86.Build.0 = Release|Any CPU
		{9708B573-CFE4-432D-B97E-7DB4EFA4CA0F}.AppStore|Any CPU.ActiveCfg = Release|Any CPU
		{9708B573-CFE4-432D-B97E-7DB4EFA4CA0F}.AppStore|Any CPU.Build.0 = Release|Any CPU
		{9708B573-CFE4-432D-B97E-7DB4EFA4CA0F}.AppStore|ARM.ActiveCfg = Release|Any CPU
		{9708B573-CFE4-432D-B97E-7DB4EFA4CA0F}.AppStore|ARM.Build.0 = Release|Any CPU
		{9708B573-CFE4-432D-B97E-7DB4EFA4CA0F}.AppStore|iPhone.ActiveCfg = Release|Any CPU
		{9708B573-CFE4-432D-B97E-7DB4EFA4CA0F}.AppStore|iPhone.Build.0 = Release|Any CPU
		{9708B573-CFE4-432D-B97E-7DB4EFA4CA0F}.AppStore|iPhoneSimulator.ActiveCfg = Release|Any CPU
		{9708B573-CFE4-432D-B97E-7DB4EFA4CA0F}.AppStore|iPhoneSimulator.Build.0 = Release|Any CPU
		{9708B573-CFE4-432D-B97E-7DB4EFA4CA0F}.AppStore|x64.ActiveCfg = Release|Any CPU
		{9708B573-CFE4-432D-B97E-7DB4EFA4CA0F}.AppStore|x64.Build.0 = Release|Any CPU
		{9708B573-CFE4-432D-B97E-7DB4EFA4CA0F}.AppStore|x86.ActiveCfg = Release|Any CPU
		{9708B573-CFE4-432D-B97E-7DB4EFA4CA0F}.AppStore|x86.Build.0 = Release|Any CPU
		{9708B573-CFE4-432D-B97E-7DB4EFA4CA0F}.Debug|Any CPU.ActiveCfg = Debug|Any CPU
		{9708B573-CFE4-432D-B97E-7DB4EFA4CA0F}.Debug|Any CPU.Build.0 = Debug|Any CPU
		{9708B573-CFE4-432D-B97E-7DB4EFA4CA0F}.Debug|ARM.ActiveCfg = Debug|Any CPU
		{9708B573-CFE4-432D-B97E-7DB4EFA4CA0F}.Debug|ARM.Build.0 = Debug|Any CPU
		{9708B573-CFE4-432D-B97E-7DB4EFA4CA0F}.Debug|iPhone.ActiveCfg = Debug|Any CPU
		{9708B573-CFE4-432D-B97E-7DB4EFA4CA0F}.Debug|iPhone.Build.0 = Debug|Any CPU
		{9708B573-CFE4-432D-B97E-7DB4EFA4CA0F}.Debug|iPhoneSimulator.ActiveCfg = Debug|Any CPU
		{9708B573-CFE4-432D-B97E-7DB4EFA4CA0F}.Debug|iPhoneSimulator.Build.0 = Debug|Any CPU
		{9708B573-CFE4-432D-B97E-7DB4EFA4CA0F}.Debug|x64.ActiveCfg = Debug|Any CPU
		{9708B573-CFE4-432D-B97E-7DB4EFA4CA0F}.Debug|x64.Build.0 = Debug|Any CPU
		{9708B573-CFE4-432D-B97E-7DB4EFA4CA0F}.Debug|x86.ActiveCfg = Debug|Any CPU
		{9708B573-CFE4-432D-B97E-7DB4EFA4CA0F}.Debug|x86.Build.0 = Debug|Any CPU
		{9708B573-CFE4-432D-B97E-7DB4EFA4CA0F}.Release|Any CPU.ActiveCfg = Release|Any CPU
		{9708B573-CFE4-432D-B97E-7DB4EFA4CA0F}.Release|Any CPU.Build.0 = Release|Any CPU
		{9708B573-CFE4-432D-B97E-7DB4EFA4CA0F}.Release|ARM.ActiveCfg = Release|Any CPU
		{9708B573-CFE4-432D-B97E-7DB4EFA4CA0F}.Release|ARM.Build.0 = Release|Any CPU
		{9708B573-CFE4-432D-B97E-7DB4EFA4CA0F}.Release|iPhone.ActiveCfg = Release|Any CPU
		{9708B573-CFE4-432D-B97E-7DB4EFA4CA0F}.Release|iPhone.Build.0 = Release|Any CPU
		{9708B573-CFE4-432D-B97E-7DB4EFA4CA0F}.Release|iPhoneSimulator.ActiveCfg = Release|Any CPU
		{9708B573-CFE4-432D-B97E-7DB4EFA4CA0F}.Release|iPhoneSimulator.Build.0 = Release|Any CPU
		{9708B573-CFE4-432D-B97E-7DB4EFA4CA0F}.Release|x64.ActiveCfg = Release|Any CPU
		{9708B573-CFE4-432D-B97E-7DB4EFA4CA0F}.Release|x64.Build.0 = Release|Any CPU
		{9708B573-CFE4-432D-B97E-7DB4EFA4CA0F}.Release|x86.ActiveCfg = Release|Any CPU
		{9708B573-CFE4-432D-B97E-7DB4EFA4CA0F}.Release|x86.Build.0 = Release|Any CPU
		{3B90B7BE-8CFE-491F-A49F-1F7FD8A827CE}.Ad-Hoc|Any CPU.ActiveCfg = Release|Any CPU
		{3B90B7BE-8CFE-491F-A49F-1F7FD8A827CE}.Ad-Hoc|Any CPU.Build.0 = Release|Any CPU
		{3B90B7BE-8CFE-491F-A49F-1F7FD8A827CE}.Ad-Hoc|ARM.ActiveCfg = Release|Any CPU
		{3B90B7BE-8CFE-491F-A49F-1F7FD8A827CE}.Ad-Hoc|ARM.Build.0 = Release|Any CPU
		{3B90B7BE-8CFE-491F-A49F-1F7FD8A827CE}.Ad-Hoc|iPhone.ActiveCfg = Release|Any CPU
		{3B90B7BE-8CFE-491F-A49F-1F7FD8A827CE}.Ad-Hoc|iPhone.Build.0 = Release|Any CPU
		{3B90B7BE-8CFE-491F-A49F-1F7FD8A827CE}.Ad-Hoc|iPhoneSimulator.ActiveCfg = Release|Any CPU
		{3B90B7BE-8CFE-491F-A49F-1F7FD8A827CE}.Ad-Hoc|iPhoneSimulator.Build.0 = Release|Any CPU
		{3B90B7BE-8CFE-491F-A49F-1F7FD8A827CE}.Ad-Hoc|x64.ActiveCfg = Release|Any CPU
		{3B90B7BE-8CFE-491F-A49F-1F7FD8A827CE}.Ad-Hoc|x64.Build.0 = Release|Any CPU
		{3B90B7BE-8CFE-491F-A49F-1F7FD8A827CE}.Ad-Hoc|x86.ActiveCfg = Release|Any CPU
		{3B90B7BE-8CFE-491F-A49F-1F7FD8A827CE}.Ad-Hoc|x86.Build.0 = Release|Any CPU
		{3B90B7BE-8CFE-491F-A49F-1F7FD8A827CE}.AppStore|Any CPU.ActiveCfg = Release|Any CPU
		{3B90B7BE-8CFE-491F-A49F-1F7FD8A827CE}.AppStore|Any CPU.Build.0 = Release|Any CPU
		{3B90B7BE-8CFE-491F-A49F-1F7FD8A827CE}.AppStore|ARM.ActiveCfg = Release|Any CPU
		{3B90B7BE-8CFE-491F-A49F-1F7FD8A827CE}.AppStore|ARM.Build.0 = Release|Any CPU
		{3B90B7BE-8CFE-491F-A49F-1F7FD8A827CE}.AppStore|iPhone.ActiveCfg = Release|Any CPU
		{3B90B7BE-8CFE-491F-A49F-1F7FD8A827CE}.AppStore|iPhone.Build.0 = Release|Any CPU
		{3B90B7BE-8CFE-491F-A49F-1F7FD8A827CE}.AppStore|iPhoneSimulator.ActiveCfg = Release|Any CPU
		{3B90B7BE-8CFE-491F-A49F-1F7FD8A827CE}.AppStore|iPhoneSimulator.Build.0 = Release|Any CPU
		{3B90B7BE-8CFE-491F-A49F-1F7FD8A827CE}.AppStore|x64.ActiveCfg = Release|Any CPU
		{3B90B7BE-8CFE-491F-A49F-1F7FD8A827CE}.AppStore|x64.Build.0 = Release|Any CPU
		{3B90B7BE-8CFE-491F-A49F-1F7FD8A827CE}.AppStore|x86.ActiveCfg = Release|Any CPU
		{3B90B7BE-8CFE-491F-A49F-1F7FD8A827CE}.AppStore|x86.Build.0 = Release|Any CPU
		{3B90B7BE-8CFE-491F-A49F-1F7FD8A827CE}.Debug|Any CPU.ActiveCfg = Debug|Any CPU
		{3B90B7BE-8CFE-491F-A49F-1F7FD8A827CE}.Debug|Any CPU.Build.0 = Debug|Any CPU
		{3B90B7BE-8CFE-491F-A49F-1F7FD8A827CE}.Debug|ARM.ActiveCfg = Debug|Any CPU
		{3B90B7BE-8CFE-491F-A49F-1F7FD8A827CE}.Debug|ARM.Build.0 = Debug|Any CPU
		{3B90B7BE-8CFE-491F-A49F-1F7FD8A827CE}.Debug|iPhone.ActiveCfg = Debug|Any CPU
		{3B90B7BE-8CFE-491F-A49F-1F7FD8A827CE}.Debug|iPhone.Build.0 = Debug|Any CPU
		{3B90B7BE-8CFE-491F-A49F-1F7FD8A827CE}.Debug|iPhoneSimulator.ActiveCfg = Debug|Any CPU
		{3B90B7BE-8CFE-491F-A49F-1F7FD8A827CE}.Debug|iPhoneSimulator.Build.0 = Debug|Any CPU
		{3B90B7BE-8CFE-491F-A49F-1F7FD8A827CE}.Debug|x64.ActiveCfg = Debug|Any CPU
		{3B90B7BE-8CFE-491F-A49F-1F7FD8A827CE}.Debug|x64.Build.0 = Debug|Any CPU
		{3B90B7BE-8CFE-491F-A49F-1F7FD8A827CE}.Debug|x86.ActiveCfg = Debug|Any CPU
		{3B90B7BE-8CFE-491F-A49F-1F7FD8A827CE}.Debug|x86.Build.0 = Debug|Any CPU
		{3B90B7BE-8CFE-491F-A49F-1F7FD8A827CE}.Release|Any CPU.ActiveCfg = Release|Any CPU
		{3B90B7BE-8CFE-491F-A49F-1F7FD8A827CE}.Release|Any CPU.Build.0 = Release|Any CPU
		{3B90B7BE-8CFE-491F-A49F-1F7FD8A827CE}.Release|ARM.ActiveCfg = Release|Any CPU
		{3B90B7BE-8CFE-491F-A49F-1F7FD8A827CE}.Release|ARM.Build.0 = Release|Any CPU
		{3B90B7BE-8CFE-491F-A49F-1F7FD8A827CE}.Release|iPhone.ActiveCfg = Release|Any CPU
		{3B90B7BE-8CFE-491F-A49F-1F7FD8A827CE}.Release|iPhone.Build.0 = Release|Any CPU
		{3B90B7BE-8CFE-491F-A49F-1F7FD8A827CE}.Release|iPhoneSimulator.ActiveCfg = Release|Any CPU
		{3B90B7BE-8CFE-491F-A49F-1F7FD8A827CE}.Release|iPhoneSimulator.Build.0 = Release|Any CPU
		{3B90B7BE-8CFE-491F-A49F-1F7FD8A827CE}.Release|x64.ActiveCfg = Release|Any CPU
		{3B90B7BE-8CFE-491F-A49F-1F7FD8A827CE}.Release|x64.Build.0 = Release|Any CPU
		{3B90B7BE-8CFE-491F-A49F-1F7FD8A827CE}.Release|x86.ActiveCfg = Release|Any CPU
		{3B90B7BE-8CFE-491F-A49F-1F7FD8A827CE}.Release|x86.Build.0 = Release|Any CPU
		{E3040325-161C-4BCF-82CF-B6FDDFFB644C}.Ad-Hoc|Any CPU.ActiveCfg = Release|Any CPU
		{E3040325-161C-4BCF-82CF-B6FDDFFB644C}.Ad-Hoc|Any CPU.Build.0 = Release|Any CPU
		{E3040325-161C-4BCF-82CF-B6FDDFFB644C}.Ad-Hoc|Any CPU.Deploy.0 = Release|Any CPU
		{E3040325-161C-4BCF-82CF-B6FDDFFB644C}.Ad-Hoc|ARM.ActiveCfg = Release|Any CPU
		{E3040325-161C-4BCF-82CF-B6FDDFFB644C}.Ad-Hoc|ARM.Build.0 = Release|Any CPU
		{E3040325-161C-4BCF-82CF-B6FDDFFB644C}.Ad-Hoc|ARM.Deploy.0 = Release|Any CPU
		{E3040325-161C-4BCF-82CF-B6FDDFFB644C}.Ad-Hoc|iPhone.ActiveCfg = Release|Any CPU
		{E3040325-161C-4BCF-82CF-B6FDDFFB644C}.Ad-Hoc|iPhone.Build.0 = Release|Any CPU
		{E3040325-161C-4BCF-82CF-B6FDDFFB644C}.Ad-Hoc|iPhone.Deploy.0 = Release|Any CPU
		{E3040325-161C-4BCF-82CF-B6FDDFFB644C}.Ad-Hoc|iPhoneSimulator.ActiveCfg = Release|Any CPU
		{E3040325-161C-4BCF-82CF-B6FDDFFB644C}.Ad-Hoc|iPhoneSimulator.Build.0 = Release|Any CPU
		{E3040325-161C-4BCF-82CF-B6FDDFFB644C}.Ad-Hoc|iPhoneSimulator.Deploy.0 = Release|Any CPU
		{E3040325-161C-4BCF-82CF-B6FDDFFB644C}.Ad-Hoc|x64.ActiveCfg = Release|Any CPU
		{E3040325-161C-4BCF-82CF-B6FDDFFB644C}.Ad-Hoc|x64.Build.0 = Release|Any CPU
		{E3040325-161C-4BCF-82CF-B6FDDFFB644C}.Ad-Hoc|x64.Deploy.0 = Release|Any CPU
		{E3040325-161C-4BCF-82CF-B6FDDFFB644C}.Ad-Hoc|x86.ActiveCfg = Release|Any CPU
		{E3040325-161C-4BCF-82CF-B6FDDFFB644C}.Ad-Hoc|x86.Build.0 = Release|Any CPU
		{E3040325-161C-4BCF-82CF-B6FDDFFB644C}.Ad-Hoc|x86.Deploy.0 = Release|Any CPU
		{E3040325-161C-4BCF-82CF-B6FDDFFB644C}.AppStore|Any CPU.ActiveCfg = Release|Any CPU
		{E3040325-161C-4BCF-82CF-B6FDDFFB644C}.AppStore|Any CPU.Build.0 = Release|Any CPU
		{E3040325-161C-4BCF-82CF-B6FDDFFB644C}.AppStore|Any CPU.Deploy.0 = Release|Any CPU
		{E3040325-161C-4BCF-82CF-B6FDDFFB644C}.AppStore|ARM.ActiveCfg = Release|Any CPU
		{E3040325-161C-4BCF-82CF-B6FDDFFB644C}.AppStore|ARM.Build.0 = Release|Any CPU
		{E3040325-161C-4BCF-82CF-B6FDDFFB644C}.AppStore|ARM.Deploy.0 = Release|Any CPU
		{E3040325-161C-4BCF-82CF-B6FDDFFB644C}.AppStore|iPhone.ActiveCfg = Release|Any CPU
		{E3040325-161C-4BCF-82CF-B6FDDFFB644C}.AppStore|iPhone.Build.0 = Release|Any CPU
		{E3040325-161C-4BCF-82CF-B6FDDFFB644C}.AppStore|iPhone.Deploy.0 = Release|Any CPU
		{E3040325-161C-4BCF-82CF-B6FDDFFB644C}.AppStore|iPhoneSimulator.ActiveCfg = Release|Any CPU
		{E3040325-161C-4BCF-82CF-B6FDDFFB644C}.AppStore|iPhoneSimulator.Build.0 = Release|Any CPU
		{E3040325-161C-4BCF-82CF-B6FDDFFB644C}.AppStore|iPhoneSimulator.Deploy.0 = Release|Any CPU
		{E3040325-161C-4BCF-82CF-B6FDDFFB644C}.AppStore|x64.ActiveCfg = Release|Any CPU
		{E3040325-161C-4BCF-82CF-B6FDDFFB644C}.AppStore|x64.Build.0 = Release|Any CPU
		{E3040325-161C-4BCF-82CF-B6FDDFFB644C}.AppStore|x64.Deploy.0 = Release|Any CPU
		{E3040325-161C-4BCF-82CF-B6FDDFFB644C}.AppStore|x86.ActiveCfg = Release|Any CPU
		{E3040325-161C-4BCF-82CF-B6FDDFFB644C}.AppStore|x86.Build.0 = Release|Any CPU
		{E3040325-161C-4BCF-82CF-B6FDDFFB644C}.AppStore|x86.Deploy.0 = Release|Any CPU
		{E3040325-161C-4BCF-82CF-B6FDDFFB644C}.Debug|Any CPU.ActiveCfg = Debug|Any CPU
		{E3040325-161C-4BCF-82CF-B6FDDFFB644C}.Debug|Any CPU.Build.0 = Debug|Any CPU
		{E3040325-161C-4BCF-82CF-B6FDDFFB644C}.Debug|Any CPU.Deploy.0 = Debug|Any CPU
		{E3040325-161C-4BCF-82CF-B6FDDFFB644C}.Debug|ARM.ActiveCfg = Debug|Any CPU
		{E3040325-161C-4BCF-82CF-B6FDDFFB644C}.Debug|ARM.Build.0 = Debug|Any CPU
		{E3040325-161C-4BCF-82CF-B6FDDFFB644C}.Debug|ARM.Deploy.0 = Debug|Any CPU
		{E3040325-161C-4BCF-82CF-B6FDDFFB644C}.Debug|iPhone.ActiveCfg = Debug|Any CPU
		{E3040325-161C-4BCF-82CF-B6FDDFFB644C}.Debug|iPhone.Build.0 = Debug|Any CPU
		{E3040325-161C-4BCF-82CF-B6FDDFFB644C}.Debug|iPhone.Deploy.0 = Debug|Any CPU
		{E3040325-161C-4BCF-82CF-B6FDDFFB644C}.Debug|iPhoneSimulator.ActiveCfg = Debug|Any CPU
		{E3040325-161C-4BCF-82CF-B6FDDFFB644C}.Debug|iPhoneSimulator.Build.0 = Debug|Any CPU
		{E3040325-161C-4BCF-82CF-B6FDDFFB644C}.Debug|iPhoneSimulator.Deploy.0 = Debug|Any CPU
		{E3040325-161C-4BCF-82CF-B6FDDFFB644C}.Debug|x64.ActiveCfg = Debug|Any CPU
		{E3040325-161C-4BCF-82CF-B6FDDFFB644C}.Debug|x64.Build.0 = Debug|Any CPU
		{E3040325-161C-4BCF-82CF-B6FDDFFB644C}.Debug|x64.Deploy.0 = Debug|Any CPU
		{E3040325-161C-4BCF-82CF-B6FDDFFB644C}.Debug|x86.ActiveCfg = Debug|Any CPU
		{E3040325-161C-4BCF-82CF-B6FDDFFB644C}.Debug|x86.Build.0 = Debug|Any CPU
		{E3040325-161C-4BCF-82CF-B6FDDFFB644C}.Debug|x86.Deploy.0 = Debug|Any CPU
		{E3040325-161C-4BCF-82CF-B6FDDFFB644C}.Release|Any CPU.ActiveCfg = Release|Any CPU
		{E3040325-161C-4BCF-82CF-B6FDDFFB644C}.Release|Any CPU.Build.0 = Release|Any CPU
		{E3040325-161C-4BCF-82CF-B6FDDFFB644C}.Release|Any CPU.Deploy.0 = Release|Any CPU
		{E3040325-161C-4BCF-82CF-B6FDDFFB644C}.Release|ARM.ActiveCfg = Release|Any CPU
		{E3040325-161C-4BCF-82CF-B6FDDFFB644C}.Release|ARM.Build.0 = Release|Any CPU
		{E3040325-161C-4BCF-82CF-B6FDDFFB644C}.Release|ARM.Deploy.0 = Release|Any CPU
		{E3040325-161C-4BCF-82CF-B6FDDFFB644C}.Release|iPhone.ActiveCfg = Release|Any CPU
		{E3040325-161C-4BCF-82CF-B6FDDFFB644C}.Release|iPhone.Build.0 = Release|Any CPU
		{E3040325-161C-4BCF-82CF-B6FDDFFB644C}.Release|iPhone.Deploy.0 = Release|Any CPU
		{E3040325-161C-4BCF-82CF-B6FDDFFB644C}.Release|iPhoneSimulator.ActiveCfg = Release|Any CPU
		{E3040325-161C-4BCF-82CF-B6FDDFFB644C}.Release|iPhoneSimulator.Build.0 = Release|Any CPU
		{E3040325-161C-4BCF-82CF-B6FDDFFB644C}.Release|iPhoneSimulator.Deploy.0 = Release|Any CPU
		{E3040325-161C-4BCF-82CF-B6FDDFFB644C}.Release|x64.ActiveCfg = Release|Any CPU
		{E3040325-161C-4BCF-82CF-B6FDDFFB644C}.Release|x64.Build.0 = Release|Any CPU
		{E3040325-161C-4BCF-82CF-B6FDDFFB644C}.Release|x64.Deploy.0 = Release|Any CPU
		{E3040325-161C-4BCF-82CF-B6FDDFFB644C}.Release|x86.ActiveCfg = Release|Any CPU
		{E3040325-161C-4BCF-82CF-B6FDDFFB644C}.Release|x86.Build.0 = Release|Any CPU
		{E3040325-161C-4BCF-82CF-B6FDDFFB644C}.Release|x86.Deploy.0 = Release|Any CPU
		{BF483B4A-8EFB-493E-8493-7FA9E5210D94}.Ad-Hoc|Any CPU.ActiveCfg = Release|Any CPU
		{BF483B4A-8EFB-493E-8493-7FA9E5210D94}.Ad-Hoc|Any CPU.Build.0 = Release|Any CPU
		{BF483B4A-8EFB-493E-8493-7FA9E5210D94}.Ad-Hoc|ARM.ActiveCfg = Release|Any CPU
		{BF483B4A-8EFB-493E-8493-7FA9E5210D94}.Ad-Hoc|ARM.Build.0 = Release|Any CPU
		{BF483B4A-8EFB-493E-8493-7FA9E5210D94}.Ad-Hoc|iPhone.ActiveCfg = Release|Any CPU
		{BF483B4A-8EFB-493E-8493-7FA9E5210D94}.Ad-Hoc|iPhone.Build.0 = Release|Any CPU
		{BF483B4A-8EFB-493E-8493-7FA9E5210D94}.Ad-Hoc|iPhoneSimulator.ActiveCfg = Release|Any CPU
		{BF483B4A-8EFB-493E-8493-7FA9E5210D94}.Ad-Hoc|iPhoneSimulator.Build.0 = Release|Any CPU
		{BF483B4A-8EFB-493E-8493-7FA9E5210D94}.Ad-Hoc|x64.ActiveCfg = Release|Any CPU
		{BF483B4A-8EFB-493E-8493-7FA9E5210D94}.Ad-Hoc|x64.Build.0 = Release|Any CPU
		{BF483B4A-8EFB-493E-8493-7FA9E5210D94}.Ad-Hoc|x86.ActiveCfg = Release|Any CPU
		{BF483B4A-8EFB-493E-8493-7FA9E5210D94}.Ad-Hoc|x86.Build.0 = Release|Any CPU
		{BF483B4A-8EFB-493E-8493-7FA9E5210D94}.AppStore|Any CPU.ActiveCfg = Release|Any CPU
		{BF483B4A-8EFB-493E-8493-7FA9E5210D94}.AppStore|Any CPU.Build.0 = Release|Any CPU
		{BF483B4A-8EFB-493E-8493-7FA9E5210D94}.AppStore|ARM.ActiveCfg = Release|Any CPU
		{BF483B4A-8EFB-493E-8493-7FA9E5210D94}.AppStore|ARM.Build.0 = Release|Any CPU
		{BF483B4A-8EFB-493E-8493-7FA9E5210D94}.AppStore|iPhone.ActiveCfg = Release|Any CPU
		{BF483B4A-8EFB-493E-8493-7FA9E5210D94}.AppStore|iPhone.Build.0 = Release|Any CPU
		{BF483B4A-8EFB-493E-8493-7FA9E5210D94}.AppStore|iPhoneSimulator.ActiveCfg = Release|Any CPU
		{BF483B4A-8EFB-493E-8493-7FA9E5210D94}.AppStore|iPhoneSimulator.Build.0 = Release|Any CPU
		{BF483B4A-8EFB-493E-8493-7FA9E5210D94}.AppStore|x64.ActiveCfg = Release|Any CPU
		{BF483B4A-8EFB-493E-8493-7FA9E5210D94}.AppStore|x64.Build.0 = Release|Any CPU
		{BF483B4A-8EFB-493E-8493-7FA9E5210D94}.AppStore|x86.ActiveCfg = Release|Any CPU
		{BF483B4A-8EFB-493E-8493-7FA9E5210D94}.AppStore|x86.Build.0 = Release|Any CPU
		{BF483B4A-8EFB-493E-8493-7FA9E5210D94}.Debug|Any CPU.ActiveCfg = Debug|Any CPU
		{BF483B4A-8EFB-493E-8493-7FA9E5210D94}.Debug|Any CPU.Build.0 = Debug|Any CPU
		{BF483B4A-8EFB-493E-8493-7FA9E5210D94}.Debug|ARM.ActiveCfg = Debug|Any CPU
		{BF483B4A-8EFB-493E-8493-7FA9E5210D94}.Debug|ARM.Build.0 = Debug|Any CPU
		{BF483B4A-8EFB-493E-8493-7FA9E5210D94}.Debug|iPhone.ActiveCfg = Debug|Any CPU
		{BF483B4A-8EFB-493E-8493-7FA9E5210D94}.Debug|iPhone.Build.0 = Debug|Any CPU
		{BF483B4A-8EFB-493E-8493-7FA9E5210D94}.Debug|iPhoneSimulator.ActiveCfg = Debug|Any CPU
		{BF483B4A-8EFB-493E-8493-7FA9E5210D94}.Debug|iPhoneSimulator.Build.0 = Debug|Any CPU
		{BF483B4A-8EFB-493E-8493-7FA9E5210D94}.Debug|x64.ActiveCfg = Debug|Any CPU
		{BF483B4A-8EFB-493E-8493-7FA9E5210D94}.Debug|x64.Build.0 = Debug|Any CPU
		{BF483B4A-8EFB-493E-8493-7FA9E5210D94}.Debug|x86.ActiveCfg = Debug|Any CPU
		{BF483B4A-8EFB-493E-8493-7FA9E5210D94}.Debug|x86.Build.0 = Debug|Any CPU
		{BF483B4A-8EFB-493E-8493-7FA9E5210D94}.Release|Any CPU.ActiveCfg = Release|Any CPU
		{BF483B4A-8EFB-493E-8493-7FA9E5210D94}.Release|Any CPU.Build.0 = Release|Any CPU
		{BF483B4A-8EFB-493E-8493-7FA9E5210D94}.Release|ARM.ActiveCfg = Release|Any CPU
		{BF483B4A-8EFB-493E-8493-7FA9E5210D94}.Release|ARM.Build.0 = Release|Any CPU
		{BF483B4A-8EFB-493E-8493-7FA9E5210D94}.Release|iPhone.ActiveCfg = Release|Any CPU
		{BF483B4A-8EFB-493E-8493-7FA9E5210D94}.Release|iPhone.Build.0 = Release|Any CPU
		{BF483B4A-8EFB-493E-8493-7FA9E5210D94}.Release|iPhoneSimulator.ActiveCfg = Release|Any CPU
		{BF483B4A-8EFB-493E-8493-7FA9E5210D94}.Release|iPhoneSimulator.Build.0 = Release|Any CPU
		{BF483B4A-8EFB-493E-8493-7FA9E5210D94}.Release|x64.ActiveCfg = Release|Any CPU
		{BF483B4A-8EFB-493E-8493-7FA9E5210D94}.Release|x64.Build.0 = Release|Any CPU
		{BF483B4A-8EFB-493E-8493-7FA9E5210D94}.Release|x86.ActiveCfg = Release|Any CPU
		{BF483B4A-8EFB-493E-8493-7FA9E5210D94}.Release|x86.Build.0 = Release|Any CPU
		{637B4990-5383-476F-8CFF-D9DA909BC92C}.Ad-Hoc|Any CPU.ActiveCfg = Release|Any CPU
		{637B4990-5383-476F-8CFF-D9DA909BC92C}.Ad-Hoc|Any CPU.Build.0 = Release|Any CPU
		{637B4990-5383-476F-8CFF-D9DA909BC92C}.Ad-Hoc|ARM.ActiveCfg = Release|Any CPU
		{637B4990-5383-476F-8CFF-D9DA909BC92C}.Ad-Hoc|ARM.Build.0 = Release|Any CPU
		{637B4990-5383-476F-8CFF-D9DA909BC92C}.Ad-Hoc|iPhone.ActiveCfg = Release|Any CPU
		{637B4990-5383-476F-8CFF-D9DA909BC92C}.Ad-Hoc|iPhone.Build.0 = Release|Any CPU
		{637B4990-5383-476F-8CFF-D9DA909BC92C}.Ad-Hoc|iPhoneSimulator.ActiveCfg = Release|Any CPU
		{637B4990-5383-476F-8CFF-D9DA909BC92C}.Ad-Hoc|iPhoneSimulator.Build.0 = Release|Any CPU
		{637B4990-5383-476F-8CFF-D9DA909BC92C}.Ad-Hoc|x64.ActiveCfg = Release|Any CPU
		{637B4990-5383-476F-8CFF-D9DA909BC92C}.Ad-Hoc|x64.Build.0 = Release|Any CPU
		{637B4990-5383-476F-8CFF-D9DA909BC92C}.Ad-Hoc|x86.ActiveCfg = Release|Any CPU
		{637B4990-5383-476F-8CFF-D9DA909BC92C}.Ad-Hoc|x86.Build.0 = Release|Any CPU
		{637B4990-5383-476F-8CFF-D9DA909BC92C}.AppStore|Any CPU.ActiveCfg = Release|Any CPU
		{637B4990-5383-476F-8CFF-D9DA909BC92C}.AppStore|Any CPU.Build.0 = Release|Any CPU
		{637B4990-5383-476F-8CFF-D9DA909BC92C}.AppStore|ARM.ActiveCfg = Release|Any CPU
		{637B4990-5383-476F-8CFF-D9DA909BC92C}.AppStore|ARM.Build.0 = Release|Any CPU
		{637B4990-5383-476F-8CFF-D9DA909BC92C}.AppStore|iPhone.ActiveCfg = Release|Any CPU
		{637B4990-5383-476F-8CFF-D9DA909BC92C}.AppStore|iPhone.Build.0 = Release|Any CPU
		{637B4990-5383-476F-8CFF-D9DA909BC92C}.AppStore|iPhoneSimulator.ActiveCfg = Release|Any CPU
		{637B4990-5383-476F-8CFF-D9DA909BC92C}.AppStore|iPhoneSimulator.Build.0 = Release|Any CPU
		{637B4990-5383-476F-8CFF-D9DA909BC92C}.AppStore|x64.ActiveCfg = Release|Any CPU
		{637B4990-5383-476F-8CFF-D9DA909BC92C}.AppStore|x64.Build.0 = Release|Any CPU
		{637B4990-5383-476F-8CFF-D9DA909BC92C}.AppStore|x86.ActiveCfg = Release|Any CPU
		{637B4990-5383-476F-8CFF-D9DA909BC92C}.AppStore|x86.Build.0 = Release|Any CPU
		{637B4990-5383-476F-8CFF-D9DA909BC92C}.Debug|Any CPU.ActiveCfg = Debug|Any CPU
		{637B4990-5383-476F-8CFF-D9DA909BC92C}.Debug|Any CPU.Build.0 = Debug|Any CPU
		{637B4990-5383-476F-8CFF-D9DA909BC92C}.Debug|ARM.ActiveCfg = Debug|Any CPU
		{637B4990-5383-476F-8CFF-D9DA909BC92C}.Debug|ARM.Build.0 = Debug|Any CPU
		{637B4990-5383-476F-8CFF-D9DA909BC92C}.Debug|iPhone.ActiveCfg = Debug|Any CPU
		{637B4990-5383-476F-8CFF-D9DA909BC92C}.Debug|iPhone.Build.0 = Debug|Any CPU
		{637B4990-5383-476F-8CFF-D9DA909BC92C}.Debug|iPhoneSimulator.ActiveCfg = Debug|Any CPU
		{637B4990-5383-476F-8CFF-D9DA909BC92C}.Debug|iPhoneSimulator.Build.0 = Debug|Any CPU
		{637B4990-5383-476F-8CFF-D9DA909BC92C}.Debug|x64.ActiveCfg = Debug|Any CPU
		{637B4990-5383-476F-8CFF-D9DA909BC92C}.Debug|x64.Build.0 = Debug|Any CPU
		{637B4990-5383-476F-8CFF-D9DA909BC92C}.Debug|x86.ActiveCfg = Debug|Any CPU
		{637B4990-5383-476F-8CFF-D9DA909BC92C}.Debug|x86.Build.0 = Debug|Any CPU
		{637B4990-5383-476F-8CFF-D9DA909BC92C}.Release|Any CPU.ActiveCfg = Release|Any CPU
		{637B4990-5383-476F-8CFF-D9DA909BC92C}.Release|Any CPU.Build.0 = Release|Any CPU
		{637B4990-5383-476F-8CFF-D9DA909BC92C}.Release|ARM.ActiveCfg = Release|Any CPU
		{637B4990-5383-476F-8CFF-D9DA909BC92C}.Release|ARM.Build.0 = Release|Any CPU
		{637B4990-5383-476F-8CFF-D9DA909BC92C}.Release|iPhone.ActiveCfg = Release|Any CPU
		{637B4990-5383-476F-8CFF-D9DA909BC92C}.Release|iPhone.Build.0 = Release|Any CPU
		{637B4990-5383-476F-8CFF-D9DA909BC92C}.Release|iPhoneSimulator.ActiveCfg = Release|Any CPU
		{637B4990-5383-476F-8CFF-D9DA909BC92C}.Release|iPhoneSimulator.Build.0 = Release|Any CPU
		{637B4990-5383-476F-8CFF-D9DA909BC92C}.Release|x64.ActiveCfg = Release|Any CPU
		{637B4990-5383-476F-8CFF-D9DA909BC92C}.Release|x64.Build.0 = Release|Any CPU
		{637B4990-5383-476F-8CFF-D9DA909BC92C}.Release|x86.ActiveCfg = Release|Any CPU
		{637B4990-5383-476F-8CFF-D9DA909BC92C}.Release|x86.Build.0 = Release|Any CPU
		{73ABAEB9-44E5-4AAC-85E7-CC826145C686}.Ad-Hoc|Any CPU.ActiveCfg = Release|Any CPU
		{73ABAEB9-44E5-4AAC-85E7-CC826145C686}.Ad-Hoc|Any CPU.Build.0 = Release|Any CPU
		{73ABAEB9-44E5-4AAC-85E7-CC826145C686}.Ad-Hoc|Any CPU.Deploy.0 = Release|Any CPU
		{73ABAEB9-44E5-4AAC-85E7-CC826145C686}.Ad-Hoc|ARM.ActiveCfg = Release|Any CPU
		{73ABAEB9-44E5-4AAC-85E7-CC826145C686}.Ad-Hoc|ARM.Build.0 = Release|Any CPU
		{73ABAEB9-44E5-4AAC-85E7-CC826145C686}.Ad-Hoc|ARM.Deploy.0 = Release|Any CPU
		{73ABAEB9-44E5-4AAC-85E7-CC826145C686}.Ad-Hoc|iPhone.ActiveCfg = Release|Any CPU
		{73ABAEB9-44E5-4AAC-85E7-CC826145C686}.Ad-Hoc|iPhone.Build.0 = Release|Any CPU
		{73ABAEB9-44E5-4AAC-85E7-CC826145C686}.Ad-Hoc|iPhone.Deploy.0 = Release|Any CPU
		{73ABAEB9-44E5-4AAC-85E7-CC826145C686}.Ad-Hoc|iPhoneSimulator.ActiveCfg = Release|Any CPU
		{73ABAEB9-44E5-4AAC-85E7-CC826145C686}.Ad-Hoc|iPhoneSimulator.Build.0 = Release|Any CPU
		{73ABAEB9-44E5-4AAC-85E7-CC826145C686}.Ad-Hoc|iPhoneSimulator.Deploy.0 = Release|Any CPU
		{73ABAEB9-44E5-4AAC-85E7-CC826145C686}.Ad-Hoc|x64.ActiveCfg = Release|Any CPU
		{73ABAEB9-44E5-4AAC-85E7-CC826145C686}.Ad-Hoc|x64.Build.0 = Release|Any CPU
		{73ABAEB9-44E5-4AAC-85E7-CC826145C686}.Ad-Hoc|x64.Deploy.0 = Release|Any CPU
		{73ABAEB9-44E5-4AAC-85E7-CC826145C686}.Ad-Hoc|x86.ActiveCfg = Release|Any CPU
		{73ABAEB9-44E5-4AAC-85E7-CC826145C686}.Ad-Hoc|x86.Build.0 = Release|Any CPU
		{73ABAEB9-44E5-4AAC-85E7-CC826145C686}.Ad-Hoc|x86.Deploy.0 = Release|Any CPU
		{73ABAEB9-44E5-4AAC-85E7-CC826145C686}.AppStore|Any CPU.ActiveCfg = Release|Any CPU
		{73ABAEB9-44E5-4AAC-85E7-CC826145C686}.AppStore|Any CPU.Build.0 = Release|Any CPU
		{73ABAEB9-44E5-4AAC-85E7-CC826145C686}.AppStore|Any CPU.Deploy.0 = Release|Any CPU
		{73ABAEB9-44E5-4AAC-85E7-CC826145C686}.AppStore|ARM.ActiveCfg = Release|Any CPU
		{73ABAEB9-44E5-4AAC-85E7-CC826145C686}.AppStore|ARM.Build.0 = Release|Any CPU
		{73ABAEB9-44E5-4AAC-85E7-CC826145C686}.AppStore|ARM.Deploy.0 = Release|Any CPU
		{73ABAEB9-44E5-4AAC-85E7-CC826145C686}.AppStore|iPhone.ActiveCfg = Release|Any CPU
		{73ABAEB9-44E5-4AAC-85E7-CC826145C686}.AppStore|iPhone.Build.0 = Release|Any CPU
		{73ABAEB9-44E5-4AAC-85E7-CC826145C686}.AppStore|iPhone.Deploy.0 = Release|Any CPU
		{73ABAEB9-44E5-4AAC-85E7-CC826145C686}.AppStore|iPhoneSimulator.ActiveCfg = Release|Any CPU
		{73ABAEB9-44E5-4AAC-85E7-CC826145C686}.AppStore|iPhoneSimulator.Build.0 = Release|Any CPU
		{73ABAEB9-44E5-4AAC-85E7-CC826145C686}.AppStore|iPhoneSimulator.Deploy.0 = Release|Any CPU
		{73ABAEB9-44E5-4AAC-85E7-CC826145C686}.AppStore|x64.ActiveCfg = Release|Any CPU
		{73ABAEB9-44E5-4AAC-85E7-CC826145C686}.AppStore|x64.Build.0 = Release|Any CPU
		{73ABAEB9-44E5-4AAC-85E7-CC826145C686}.AppStore|x64.Deploy.0 = Release|Any CPU
		{73ABAEB9-44E5-4AAC-85E7-CC826145C686}.AppStore|x86.ActiveCfg = Release|Any CPU
		{73ABAEB9-44E5-4AAC-85E7-CC826145C686}.AppStore|x86.Build.0 = Release|Any CPU
		{73ABAEB9-44E5-4AAC-85E7-CC826145C686}.AppStore|x86.Deploy.0 = Release|Any CPU
		{73ABAEB9-44E5-4AAC-85E7-CC826145C686}.Debug|Any CPU.ActiveCfg = Debug|Any CPU
		{73ABAEB9-44E5-4AAC-85E7-CC826145C686}.Debug|Any CPU.Build.0 = Debug|Any CPU
		{73ABAEB9-44E5-4AAC-85E7-CC826145C686}.Debug|Any CPU.Deploy.0 = Debug|Any CPU
		{73ABAEB9-44E5-4AAC-85E7-CC826145C686}.Debug|ARM.ActiveCfg = Debug|Any CPU
		{73ABAEB9-44E5-4AAC-85E7-CC826145C686}.Debug|ARM.Build.0 = Debug|Any CPU
		{73ABAEB9-44E5-4AAC-85E7-CC826145C686}.Debug|ARM.Deploy.0 = Debug|Any CPU
		{73ABAEB9-44E5-4AAC-85E7-CC826145C686}.Debug|iPhone.ActiveCfg = Debug|Any CPU
		{73ABAEB9-44E5-4AAC-85E7-CC826145C686}.Debug|iPhone.Build.0 = Debug|Any CPU
		{73ABAEB9-44E5-4AAC-85E7-CC826145C686}.Debug|iPhone.Deploy.0 = Debug|Any CPU
		{73ABAEB9-44E5-4AAC-85E7-CC826145C686}.Debug|iPhoneSimulator.ActiveCfg = Debug|Any CPU
		{73ABAEB9-44E5-4AAC-85E7-CC826145C686}.Debug|iPhoneSimulator.Build.0 = Debug|Any CPU
		{73ABAEB9-44E5-4AAC-85E7-CC826145C686}.Debug|iPhoneSimulator.Deploy.0 = Debug|Any CPU
		{73ABAEB9-44E5-4AAC-85E7-CC826145C686}.Debug|x64.ActiveCfg = Debug|Any CPU
		{73ABAEB9-44E5-4AAC-85E7-CC826145C686}.Debug|x64.Build.0 = Debug|Any CPU
		{73ABAEB9-44E5-4AAC-85E7-CC826145C686}.Debug|x64.Deploy.0 = Debug|Any CPU
		{73ABAEB9-44E5-4AAC-85E7-CC826145C686}.Debug|x86.ActiveCfg = Debug|Any CPU
		{73ABAEB9-44E5-4AAC-85E7-CC826145C686}.Debug|x86.Build.0 = Debug|Any CPU
		{73ABAEB9-44E5-4AAC-85E7-CC826145C686}.Debug|x86.Deploy.0 = Debug|Any CPU
		{73ABAEB9-44E5-4AAC-85E7-CC826145C686}.Release|Any CPU.ActiveCfg = Release|Any CPU
		{73ABAEB9-44E5-4AAC-85E7-CC826145C686}.Release|Any CPU.Build.0 = Release|Any CPU
		{73ABAEB9-44E5-4AAC-85E7-CC826145C686}.Release|Any CPU.Deploy.0 = Release|Any CPU
		{73ABAEB9-44E5-4AAC-85E7-CC826145C686}.Release|ARM.ActiveCfg = Release|Any CPU
		{73ABAEB9-44E5-4AAC-85E7-CC826145C686}.Release|ARM.Build.0 = Release|Any CPU
		{73ABAEB9-44E5-4AAC-85E7-CC826145C686}.Release|ARM.Deploy.0 = Release|Any CPU
		{73ABAEB9-44E5-4AAC-85E7-CC826145C686}.Release|iPhone.ActiveCfg = Release|Any CPU
		{73ABAEB9-44E5-4AAC-85E7-CC826145C686}.Release|iPhone.Build.0 = Release|Any CPU
		{73ABAEB9-44E5-4AAC-85E7-CC826145C686}.Release|iPhone.Deploy.0 = Release|Any CPU
		{73ABAEB9-44E5-4AAC-85E7-CC826145C686}.Release|iPhoneSimulator.ActiveCfg = Release|Any CPU
		{73ABAEB9-44E5-4AAC-85E7-CC826145C686}.Release|iPhoneSimulator.Build.0 = Release|Any CPU
		{73ABAEB9-44E5-4AAC-85E7-CC826145C686}.Release|iPhoneSimulator.Deploy.0 = Release|Any CPU
		{73ABAEB9-44E5-4AAC-85E7-CC826145C686}.Release|x64.ActiveCfg = Release|Any CPU
		{73ABAEB9-44E5-4AAC-85E7-CC826145C686}.Release|x64.Build.0 = Release|Any CPU
		{73ABAEB9-44E5-4AAC-85E7-CC826145C686}.Release|x64.Deploy.0 = Release|Any CPU
		{73ABAEB9-44E5-4AAC-85E7-CC826145C686}.Release|x86.ActiveCfg = Release|Any CPU
		{73ABAEB9-44E5-4AAC-85E7-CC826145C686}.Release|x86.Build.0 = Release|Any CPU
		{73ABAEB9-44E5-4AAC-85E7-CC826145C686}.Release|x86.Deploy.0 = Release|Any CPU
		{A0D9B240-BEE1-4B95-AF05-0EC4A5868DC1}.Ad-Hoc|Any CPU.ActiveCfg = Ad-Hoc|iPhone
		{A0D9B240-BEE1-4B95-AF05-0EC4A5868DC1}.Ad-Hoc|ARM.ActiveCfg = Ad-Hoc|iPhone
		{A0D9B240-BEE1-4B95-AF05-0EC4A5868DC1}.Ad-Hoc|iPhone.ActiveCfg = Ad-Hoc|iPhone
		{A0D9B240-BEE1-4B95-AF05-0EC4A5868DC1}.Ad-Hoc|iPhone.Build.0 = Ad-Hoc|iPhone
		{A0D9B240-BEE1-4B95-AF05-0EC4A5868DC1}.Ad-Hoc|iPhoneSimulator.ActiveCfg = Ad-Hoc|iPhoneSimulator
		{A0D9B240-BEE1-4B95-AF05-0EC4A5868DC1}.Ad-Hoc|iPhoneSimulator.Build.0 = Ad-Hoc|iPhoneSimulator
		{A0D9B240-BEE1-4B95-AF05-0EC4A5868DC1}.Ad-Hoc|x64.ActiveCfg = Ad-Hoc|iPhone
		{A0D9B240-BEE1-4B95-AF05-0EC4A5868DC1}.Ad-Hoc|x86.ActiveCfg = Ad-Hoc|iPhone
		{A0D9B240-BEE1-4B95-AF05-0EC4A5868DC1}.AppStore|Any CPU.ActiveCfg = AppStore|iPhone
		{A0D9B240-BEE1-4B95-AF05-0EC4A5868DC1}.AppStore|ARM.ActiveCfg = AppStore|iPhone
		{A0D9B240-BEE1-4B95-AF05-0EC4A5868DC1}.AppStore|iPhone.ActiveCfg = AppStore|iPhone
		{A0D9B240-BEE1-4B95-AF05-0EC4A5868DC1}.AppStore|iPhone.Build.0 = AppStore|iPhone
		{A0D9B240-BEE1-4B95-AF05-0EC4A5868DC1}.AppStore|iPhoneSimulator.ActiveCfg = AppStore|iPhoneSimulator
		{A0D9B240-BEE1-4B95-AF05-0EC4A5868DC1}.AppStore|iPhoneSimulator.Build.0 = AppStore|iPhoneSimulator
		{A0D9B240-BEE1-4B95-AF05-0EC4A5868DC1}.AppStore|x64.ActiveCfg = AppStore|iPhone
		{A0D9B240-BEE1-4B95-AF05-0EC4A5868DC1}.AppStore|x86.ActiveCfg = AppStore|iPhone
		{A0D9B240-BEE1-4B95-AF05-0EC4A5868DC1}.Debug|Any CPU.ActiveCfg = Debug|iPhone
		{A0D9B240-BEE1-4B95-AF05-0EC4A5868DC1}.Debug|ARM.ActiveCfg = Debug|iPhone
		{A0D9B240-BEE1-4B95-AF05-0EC4A5868DC1}.Debug|iPhone.ActiveCfg = Debug|iPhone
		{A0D9B240-BEE1-4B95-AF05-0EC4A5868DC1}.Debug|iPhone.Build.0 = Debug|iPhone
		{A0D9B240-BEE1-4B95-AF05-0EC4A5868DC1}.Debug|iPhoneSimulator.ActiveCfg = Debug|iPhoneSimulator
		{A0D9B240-BEE1-4B95-AF05-0EC4A5868DC1}.Debug|iPhoneSimulator.Build.0 = Debug|iPhoneSimulator
		{A0D9B240-BEE1-4B95-AF05-0EC4A5868DC1}.Debug|x64.ActiveCfg = Debug|iPhone
		{A0D9B240-BEE1-4B95-AF05-0EC4A5868DC1}.Debug|x86.ActiveCfg = Debug|iPhone
		{A0D9B240-BEE1-4B95-AF05-0EC4A5868DC1}.Release|Any CPU.ActiveCfg = Release|iPhone
		{A0D9B240-BEE1-4B95-AF05-0EC4A5868DC1}.Release|ARM.ActiveCfg = Release|iPhone
		{A0D9B240-BEE1-4B95-AF05-0EC4A5868DC1}.Release|iPhone.ActiveCfg = Release|iPhone
		{A0D9B240-BEE1-4B95-AF05-0EC4A5868DC1}.Release|iPhone.Build.0 = Release|iPhone
		{A0D9B240-BEE1-4B95-AF05-0EC4A5868DC1}.Release|iPhoneSimulator.ActiveCfg = Release|iPhoneSimulator
		{A0D9B240-BEE1-4B95-AF05-0EC4A5868DC1}.Release|iPhoneSimulator.Build.0 = Release|iPhoneSimulator
		{A0D9B240-BEE1-4B95-AF05-0EC4A5868DC1}.Release|x64.ActiveCfg = Release|iPhone
		{A0D9B240-BEE1-4B95-AF05-0EC4A5868DC1}.Release|x86.ActiveCfg = Release|iPhone
		{164CE4D6-7952-4DFC-BE39-84329B8C393B}.Ad-Hoc|Any CPU.ActiveCfg = Release|x86
		{164CE4D6-7952-4DFC-BE39-84329B8C393B}.Ad-Hoc|Any CPU.Build.0 = Release|x86
		{164CE4D6-7952-4DFC-BE39-84329B8C393B}.Ad-Hoc|Any CPU.Deploy.0 = Release|x86
		{164CE4D6-7952-4DFC-BE39-84329B8C393B}.Ad-Hoc|ARM.ActiveCfg = Release|ARM
		{164CE4D6-7952-4DFC-BE39-84329B8C393B}.Ad-Hoc|ARM.Build.0 = Release|ARM
		{164CE4D6-7952-4DFC-BE39-84329B8C393B}.Ad-Hoc|ARM.Deploy.0 = Release|ARM
		{164CE4D6-7952-4DFC-BE39-84329B8C393B}.Ad-Hoc|iPhone.ActiveCfg = Release|x86
		{164CE4D6-7952-4DFC-BE39-84329B8C393B}.Ad-Hoc|iPhone.Build.0 = Release|x86
		{164CE4D6-7952-4DFC-BE39-84329B8C393B}.Ad-Hoc|iPhone.Deploy.0 = Release|x86
		{164CE4D6-7952-4DFC-BE39-84329B8C393B}.Ad-Hoc|iPhoneSimulator.ActiveCfg = Release|x86
		{164CE4D6-7952-4DFC-BE39-84329B8C393B}.Ad-Hoc|iPhoneSimulator.Build.0 = Release|x86
		{164CE4D6-7952-4DFC-BE39-84329B8C393B}.Ad-Hoc|iPhoneSimulator.Deploy.0 = Release|x86
		{164CE4D6-7952-4DFC-BE39-84329B8C393B}.Ad-Hoc|x64.ActiveCfg = Release|x64
		{164CE4D6-7952-4DFC-BE39-84329B8C393B}.Ad-Hoc|x64.Build.0 = Release|x64
		{164CE4D6-7952-4DFC-BE39-84329B8C393B}.Ad-Hoc|x64.Deploy.0 = Release|x64
		{164CE4D6-7952-4DFC-BE39-84329B8C393B}.Ad-Hoc|x86.ActiveCfg = Release|x86
		{164CE4D6-7952-4DFC-BE39-84329B8C393B}.Ad-Hoc|x86.Build.0 = Release|x86
		{164CE4D6-7952-4DFC-BE39-84329B8C393B}.Ad-Hoc|x86.Deploy.0 = Release|x86
		{164CE4D6-7952-4DFC-BE39-84329B8C393B}.AppStore|Any CPU.ActiveCfg = Release|x86
		{164CE4D6-7952-4DFC-BE39-84329B8C393B}.AppStore|Any CPU.Build.0 = Release|x86
		{164CE4D6-7952-4DFC-BE39-84329B8C393B}.AppStore|Any CPU.Deploy.0 = Release|x86
		{164CE4D6-7952-4DFC-BE39-84329B8C393B}.AppStore|ARM.ActiveCfg = Release|ARM
		{164CE4D6-7952-4DFC-BE39-84329B8C393B}.AppStore|ARM.Build.0 = Release|ARM
		{164CE4D6-7952-4DFC-BE39-84329B8C393B}.AppStore|ARM.Deploy.0 = Release|ARM
		{164CE4D6-7952-4DFC-BE39-84329B8C393B}.AppStore|iPhone.ActiveCfg = Release|x86
		{164CE4D6-7952-4DFC-BE39-84329B8C393B}.AppStore|iPhone.Build.0 = Release|x86
		{164CE4D6-7952-4DFC-BE39-84329B8C393B}.AppStore|iPhone.Deploy.0 = Release|x86
		{164CE4D6-7952-4DFC-BE39-84329B8C393B}.AppStore|iPhoneSimulator.ActiveCfg = Release|x86
		{164CE4D6-7952-4DFC-BE39-84329B8C393B}.AppStore|iPhoneSimulator.Build.0 = Release|x86
		{164CE4D6-7952-4DFC-BE39-84329B8C393B}.AppStore|iPhoneSimulator.Deploy.0 = Release|x86
		{164CE4D6-7952-4DFC-BE39-84329B8C393B}.AppStore|x64.ActiveCfg = Release|x64
		{164CE4D6-7952-4DFC-BE39-84329B8C393B}.AppStore|x64.Build.0 = Release|x64
		{164CE4D6-7952-4DFC-BE39-84329B8C393B}.AppStore|x64.Deploy.0 = Release|x64
		{164CE4D6-7952-4DFC-BE39-84329B8C393B}.AppStore|x86.ActiveCfg = Release|x86
		{164CE4D6-7952-4DFC-BE39-84329B8C393B}.AppStore|x86.Build.0 = Release|x86
		{164CE4D6-7952-4DFC-BE39-84329B8C393B}.AppStore|x86.Deploy.0 = Release|x86
		{164CE4D6-7952-4DFC-BE39-84329B8C393B}.Debug|Any CPU.ActiveCfg = Debug|x86
		{164CE4D6-7952-4DFC-BE39-84329B8C393B}.Debug|ARM.ActiveCfg = Debug|ARM
		{164CE4D6-7952-4DFC-BE39-84329B8C393B}.Debug|ARM.Build.0 = Debug|ARM
		{164CE4D6-7952-4DFC-BE39-84329B8C393B}.Debug|ARM.Deploy.0 = Debug|ARM
		{164CE4D6-7952-4DFC-BE39-84329B8C393B}.Debug|iPhone.ActiveCfg = Debug|x86
		{164CE4D6-7952-4DFC-BE39-84329B8C393B}.Debug|iPhoneSimulator.ActiveCfg = Debug|x86
		{164CE4D6-7952-4DFC-BE39-84329B8C393B}.Debug|x64.ActiveCfg = Debug|x64
		{164CE4D6-7952-4DFC-BE39-84329B8C393B}.Debug|x64.Build.0 = Debug|x64
		{164CE4D6-7952-4DFC-BE39-84329B8C393B}.Debug|x64.Deploy.0 = Debug|x64
		{164CE4D6-7952-4DFC-BE39-84329B8C393B}.Debug|x86.ActiveCfg = Debug|x86
		{164CE4D6-7952-4DFC-BE39-84329B8C393B}.Debug|x86.Build.0 = Debug|x86
		{164CE4D6-7952-4DFC-BE39-84329B8C393B}.Debug|x86.Deploy.0 = Debug|x86
		{164CE4D6-7952-4DFC-BE39-84329B8C393B}.Release|Any CPU.ActiveCfg = Release|x86
		{164CE4D6-7952-4DFC-BE39-84329B8C393B}.Release|ARM.ActiveCfg = Release|ARM
		{164CE4D6-7952-4DFC-BE39-84329B8C393B}.Release|ARM.Build.0 = Release|ARM
		{164CE4D6-7952-4DFC-BE39-84329B8C393B}.Release|ARM.Deploy.0 = Release|ARM
		{164CE4D6-7952-4DFC-BE39-84329B8C393B}.Release|iPhone.ActiveCfg = Release|x86
		{164CE4D6-7952-4DFC-BE39-84329B8C393B}.Release|iPhoneSimulator.ActiveCfg = Release|x86
		{164CE4D6-7952-4DFC-BE39-84329B8C393B}.Release|x64.ActiveCfg = Release|x64
		{164CE4D6-7952-4DFC-BE39-84329B8C393B}.Release|x64.Build.0 = Release|x64
		{164CE4D6-7952-4DFC-BE39-84329B8C393B}.Release|x64.Deploy.0 = Release|x64
		{164CE4D6-7952-4DFC-BE39-84329B8C393B}.Release|x86.ActiveCfg = Release|x86
		{164CE4D6-7952-4DFC-BE39-84329B8C393B}.Release|x86.Build.0 = Release|x86
		{164CE4D6-7952-4DFC-BE39-84329B8C393B}.Release|x86.Deploy.0 = Release|x86
		{9651D9B1-C8E1-4031-9B67-D38FD568E863}.Ad-Hoc|Any CPU.ActiveCfg = Debug|Any CPU
		{9651D9B1-C8E1-4031-9B67-D38FD568E863}.Ad-Hoc|Any CPU.Build.0 = Debug|Any CPU
		{9651D9B1-C8E1-4031-9B67-D38FD568E863}.Ad-Hoc|ARM.ActiveCfg = Debug|Any CPU
		{9651D9B1-C8E1-4031-9B67-D38FD568E863}.Ad-Hoc|ARM.Build.0 = Debug|Any CPU
		{9651D9B1-C8E1-4031-9B67-D38FD568E863}.Ad-Hoc|iPhone.ActiveCfg = Debug|Any CPU
		{9651D9B1-C8E1-4031-9B67-D38FD568E863}.Ad-Hoc|iPhone.Build.0 = Debug|Any CPU
		{9651D9B1-C8E1-4031-9B67-D38FD568E863}.Ad-Hoc|iPhoneSimulator.ActiveCfg = Debug|Any CPU
		{9651D9B1-C8E1-4031-9B67-D38FD568E863}.Ad-Hoc|iPhoneSimulator.Build.0 = Debug|Any CPU
		{9651D9B1-C8E1-4031-9B67-D38FD568E863}.Ad-Hoc|x64.ActiveCfg = Debug|Any CPU
		{9651D9B1-C8E1-4031-9B67-D38FD568E863}.Ad-Hoc|x64.Build.0 = Debug|Any CPU
		{9651D9B1-C8E1-4031-9B67-D38FD568E863}.Ad-Hoc|x86.ActiveCfg = Debug|Any CPU
		{9651D9B1-C8E1-4031-9B67-D38FD568E863}.Ad-Hoc|x86.Build.0 = Debug|Any CPU
		{9651D9B1-C8E1-4031-9B67-D38FD568E863}.AppStore|Any CPU.ActiveCfg = Debug|Any CPU
		{9651D9B1-C8E1-4031-9B67-D38FD568E863}.AppStore|Any CPU.Build.0 = Debug|Any CPU
		{9651D9B1-C8E1-4031-9B67-D38FD568E863}.AppStore|ARM.ActiveCfg = Debug|Any CPU
		{9651D9B1-C8E1-4031-9B67-D38FD568E863}.AppStore|ARM.Build.0 = Debug|Any CPU
		{9651D9B1-C8E1-4031-9B67-D38FD568E863}.AppStore|iPhone.ActiveCfg = Debug|Any CPU
		{9651D9B1-C8E1-4031-9B67-D38FD568E863}.AppStore|iPhone.Build.0 = Debug|Any CPU
		{9651D9B1-C8E1-4031-9B67-D38FD568E863}.AppStore|iPhoneSimulator.ActiveCfg = Debug|Any CPU
		{9651D9B1-C8E1-4031-9B67-D38FD568E863}.AppStore|iPhoneSimulator.Build.0 = Debug|Any CPU
		{9651D9B1-C8E1-4031-9B67-D38FD568E863}.AppStore|x64.ActiveCfg = Debug|Any CPU
		{9651D9B1-C8E1-4031-9B67-D38FD568E863}.AppStore|x64.Build.0 = Debug|Any CPU
		{9651D9B1-C8E1-4031-9B67-D38FD568E863}.AppStore|x86.ActiveCfg = Debug|Any CPU
		{9651D9B1-C8E1-4031-9B67-D38FD568E863}.AppStore|x86.Build.0 = Debug|Any CPU
		{9651D9B1-C8E1-4031-9B67-D38FD568E863}.Debug|Any CPU.ActiveCfg = Debug|Any CPU
		{9651D9B1-C8E1-4031-9B67-D38FD568E863}.Debug|Any CPU.Build.0 = Debug|Any CPU
		{9651D9B1-C8E1-4031-9B67-D38FD568E863}.Debug|ARM.ActiveCfg = Debug|Any CPU
		{9651D9B1-C8E1-4031-9B67-D38FD568E863}.Debug|ARM.Build.0 = Debug|Any CPU
		{9651D9B1-C8E1-4031-9B67-D38FD568E863}.Debug|iPhone.ActiveCfg = Debug|Any CPU
		{9651D9B1-C8E1-4031-9B67-D38FD568E863}.Debug|iPhone.Build.0 = Debug|Any CPU
		{9651D9B1-C8E1-4031-9B67-D38FD568E863}.Debug|iPhoneSimulator.ActiveCfg = Debug|Any CPU
		{9651D9B1-C8E1-4031-9B67-D38FD568E863}.Debug|iPhoneSimulator.Build.0 = Debug|Any CPU
		{9651D9B1-C8E1-4031-9B67-D38FD568E863}.Debug|x64.ActiveCfg = Debug|Any CPU
		{9651D9B1-C8E1-4031-9B67-D38FD568E863}.Debug|x64.Build.0 = Debug|Any CPU
		{9651D9B1-C8E1-4031-9B67-D38FD568E863}.Debug|x86.ActiveCfg = Debug|Any CPU
		{9651D9B1-C8E1-4031-9B67-D38FD568E863}.Debug|x86.Build.0 = Debug|Any CPU
		{9651D9B1-C8E1-4031-9B67-D38FD568E863}.Release|Any CPU.ActiveCfg = Release|Any CPU
		{9651D9B1-C8E1-4031-9B67-D38FD568E863}.Release|Any CPU.Build.0 = Release|Any CPU
		{9651D9B1-C8E1-4031-9B67-D38FD568E863}.Release|ARM.ActiveCfg = Release|Any CPU
		{9651D9B1-C8E1-4031-9B67-D38FD568E863}.Release|ARM.Build.0 = Release|Any CPU
		{9651D9B1-C8E1-4031-9B67-D38FD568E863}.Release|iPhone.ActiveCfg = Release|Any CPU
		{9651D9B1-C8E1-4031-9B67-D38FD568E863}.Release|iPhone.Build.0 = Release|Any CPU
		{9651D9B1-C8E1-4031-9B67-D38FD568E863}.Release|iPhoneSimulator.ActiveCfg = Release|Any CPU
		{9651D9B1-C8E1-4031-9B67-D38FD568E863}.Release|iPhoneSimulator.Build.0 = Release|Any CPU
		{9651D9B1-C8E1-4031-9B67-D38FD568E863}.Release|x64.ActiveCfg = Release|Any CPU
		{9651D9B1-C8E1-4031-9B67-D38FD568E863}.Release|x64.Build.0 = Release|Any CPU
		{9651D9B1-C8E1-4031-9B67-D38FD568E863}.Release|x86.ActiveCfg = Release|Any CPU
		{9651D9B1-C8E1-4031-9B67-D38FD568E863}.Release|x86.Build.0 = Release|Any CPU
		{DABB69FD-05EE-4FBE-85C4-72D2870A97FC}.Ad-Hoc|Any CPU.ActiveCfg = Release|Any CPU
		{DABB69FD-05EE-4FBE-85C4-72D2870A97FC}.Ad-Hoc|Any CPU.Build.0 = Release|Any CPU
		{DABB69FD-05EE-4FBE-85C4-72D2870A97FC}.Ad-Hoc|ARM.ActiveCfg = Release|Any CPU
		{DABB69FD-05EE-4FBE-85C4-72D2870A97FC}.Ad-Hoc|ARM.Build.0 = Release|Any CPU
		{DABB69FD-05EE-4FBE-85C4-72D2870A97FC}.Ad-Hoc|iPhone.ActiveCfg = Release|Any CPU
		{DABB69FD-05EE-4FBE-85C4-72D2870A97FC}.Ad-Hoc|iPhone.Build.0 = Release|Any CPU
		{DABB69FD-05EE-4FBE-85C4-72D2870A97FC}.Ad-Hoc|iPhoneSimulator.ActiveCfg = Release|Any CPU
		{DABB69FD-05EE-4FBE-85C4-72D2870A97FC}.Ad-Hoc|iPhoneSimulator.Build.0 = Release|Any CPU
		{DABB69FD-05EE-4FBE-85C4-72D2870A97FC}.Ad-Hoc|x64.ActiveCfg = Release|Any CPU
		{DABB69FD-05EE-4FBE-85C4-72D2870A97FC}.Ad-Hoc|x64.Build.0 = Release|Any CPU
		{DABB69FD-05EE-4FBE-85C4-72D2870A97FC}.Ad-Hoc|x86.ActiveCfg = Release|Any CPU
		{DABB69FD-05EE-4FBE-85C4-72D2870A97FC}.Ad-Hoc|x86.Build.0 = Release|Any CPU
		{DABB69FD-05EE-4FBE-85C4-72D2870A97FC}.AppStore|Any CPU.ActiveCfg = Release|Any CPU
		{DABB69FD-05EE-4FBE-85C4-72D2870A97FC}.AppStore|Any CPU.Build.0 = Release|Any CPU
		{DABB69FD-05EE-4FBE-85C4-72D2870A97FC}.AppStore|ARM.ActiveCfg = Release|Any CPU
		{DABB69FD-05EE-4FBE-85C4-72D2870A97FC}.AppStore|ARM.Build.0 = Release|Any CPU
		{DABB69FD-05EE-4FBE-85C4-72D2870A97FC}.AppStore|iPhone.ActiveCfg = Release|Any CPU
		{DABB69FD-05EE-4FBE-85C4-72D2870A97FC}.AppStore|iPhone.Build.0 = Release|Any CPU
		{DABB69FD-05EE-4FBE-85C4-72D2870A97FC}.AppStore|iPhoneSimulator.ActiveCfg = Release|Any CPU
		{DABB69FD-05EE-4FBE-85C4-72D2870A97FC}.AppStore|iPhoneSimulator.Build.0 = Release|Any CPU
		{DABB69FD-05EE-4FBE-85C4-72D2870A97FC}.AppStore|x64.ActiveCfg = Release|Any CPU
		{DABB69FD-05EE-4FBE-85C4-72D2870A97FC}.AppStore|x64.Build.0 = Release|Any CPU
		{DABB69FD-05EE-4FBE-85C4-72D2870A97FC}.AppStore|x86.ActiveCfg = Release|Any CPU
		{DABB69FD-05EE-4FBE-85C4-72D2870A97FC}.AppStore|x86.Build.0 = Release|Any CPU
		{DABB69FD-05EE-4FBE-85C4-72D2870A97FC}.Debug|Any CPU.ActiveCfg = Debug|Any CPU
		{DABB69FD-05EE-4FBE-85C4-72D2870A97FC}.Debug|Any CPU.Build.0 = Debug|Any CPU
		{DABB69FD-05EE-4FBE-85C4-72D2870A97FC}.Debug|ARM.ActiveCfg = Debug|Any CPU
		{DABB69FD-05EE-4FBE-85C4-72D2870A97FC}.Debug|ARM.Build.0 = Debug|Any CPU
		{DABB69FD-05EE-4FBE-85C4-72D2870A97FC}.Debug|iPhone.ActiveCfg = Debug|Any CPU
		{DABB69FD-05EE-4FBE-85C4-72D2870A97FC}.Debug|iPhone.Build.0 = Debug|Any CPU
		{DABB69FD-05EE-4FBE-85C4-72D2870A97FC}.Debug|iPhoneSimulator.ActiveCfg = Debug|Any CPU
		{DABB69FD-05EE-4FBE-85C4-72D2870A97FC}.Debug|iPhoneSimulator.Build.0 = Debug|Any CPU
		{DABB69FD-05EE-4FBE-85C4-72D2870A97FC}.Debug|x64.ActiveCfg = Debug|Any CPU
		{DABB69FD-05EE-4FBE-85C4-72D2870A97FC}.Debug|x64.Build.0 = Debug|Any CPU
		{DABB69FD-05EE-4FBE-85C4-72D2870A97FC}.Debug|x86.ActiveCfg = Debug|Any CPU
		{DABB69FD-05EE-4FBE-85C4-72D2870A97FC}.Debug|x86.Build.0 = Debug|Any CPU
		{DABB69FD-05EE-4FBE-85C4-72D2870A97FC}.Release|Any CPU.ActiveCfg = Release|Any CPU
		{DABB69FD-05EE-4FBE-85C4-72D2870A97FC}.Release|Any CPU.Build.0 = Release|Any CPU
		{DABB69FD-05EE-4FBE-85C4-72D2870A97FC}.Release|ARM.ActiveCfg = Release|Any CPU
		{DABB69FD-05EE-4FBE-85C4-72D2870A97FC}.Release|ARM.Build.0 = Release|Any CPU
		{DABB69FD-05EE-4FBE-85C4-72D2870A97FC}.Release|iPhone.ActiveCfg = Release|Any CPU
		{DABB69FD-05EE-4FBE-85C4-72D2870A97FC}.Release|iPhone.Build.0 = Release|Any CPU
		{DABB69FD-05EE-4FBE-85C4-72D2870A97FC}.Release|iPhoneSimulator.ActiveCfg = Release|Any CPU
		{DABB69FD-05EE-4FBE-85C4-72D2870A97FC}.Release|iPhoneSimulator.Build.0 = Release|Any CPU
		{DABB69FD-05EE-4FBE-85C4-72D2870A97FC}.Release|x64.ActiveCfg = Release|Any CPU
		{DABB69FD-05EE-4FBE-85C4-72D2870A97FC}.Release|x64.Build.0 = Release|Any CPU
		{DABB69FD-05EE-4FBE-85C4-72D2870A97FC}.Release|x86.ActiveCfg = Release|Any CPU
		{DABB69FD-05EE-4FBE-85C4-72D2870A97FC}.Release|x86.Build.0 = Release|Any CPU
		{49C6B34C-47A1-4B34-B4CB-B51A5ED8B9B9}.Ad-Hoc|Any CPU.ActiveCfg = Release|Any CPU
		{49C6B34C-47A1-4B34-B4CB-B51A5ED8B9B9}.Ad-Hoc|Any CPU.Build.0 = Release|Any CPU
		{49C6B34C-47A1-4B34-B4CB-B51A5ED8B9B9}.Ad-Hoc|ARM.ActiveCfg = Release|Any CPU
		{49C6B34C-47A1-4B34-B4CB-B51A5ED8B9B9}.Ad-Hoc|ARM.Build.0 = Release|Any CPU
		{49C6B34C-47A1-4B34-B4CB-B51A5ED8B9B9}.Ad-Hoc|iPhone.ActiveCfg = Release|Any CPU
		{49C6B34C-47A1-4B34-B4CB-B51A5ED8B9B9}.Ad-Hoc|iPhone.Build.0 = Release|Any CPU
		{49C6B34C-47A1-4B34-B4CB-B51A5ED8B9B9}.Ad-Hoc|iPhoneSimulator.ActiveCfg = Release|Any CPU
		{49C6B34C-47A1-4B34-B4CB-B51A5ED8B9B9}.Ad-Hoc|iPhoneSimulator.Build.0 = Release|Any CPU
		{49C6B34C-47A1-4B34-B4CB-B51A5ED8B9B9}.Ad-Hoc|x64.ActiveCfg = Release|Any CPU
		{49C6B34C-47A1-4B34-B4CB-B51A5ED8B9B9}.Ad-Hoc|x64.Build.0 = Release|Any CPU
		{49C6B34C-47A1-4B34-B4CB-B51A5ED8B9B9}.Ad-Hoc|x86.ActiveCfg = Release|Any CPU
		{49C6B34C-47A1-4B34-B4CB-B51A5ED8B9B9}.Ad-Hoc|x86.Build.0 = Release|Any CPU
		{49C6B34C-47A1-4B34-B4CB-B51A5ED8B9B9}.AppStore|Any CPU.ActiveCfg = Release|Any CPU
		{49C6B34C-47A1-4B34-B4CB-B51A5ED8B9B9}.AppStore|Any CPU.Build.0 = Release|Any CPU
		{49C6B34C-47A1-4B34-B4CB-B51A5ED8B9B9}.AppStore|ARM.ActiveCfg = Release|Any CPU
		{49C6B34C-47A1-4B34-B4CB-B51A5ED8B9B9}.AppStore|ARM.Build.0 = Release|Any CPU
		{49C6B34C-47A1-4B34-B4CB-B51A5ED8B9B9}.AppStore|iPhone.ActiveCfg = Release|Any CPU
		{49C6B34C-47A1-4B34-B4CB-B51A5ED8B9B9}.AppStore|iPhone.Build.0 = Release|Any CPU
		{49C6B34C-47A1-4B34-B4CB-B51A5ED8B9B9}.AppStore|iPhoneSimulator.ActiveCfg = Release|Any CPU
		{49C6B34C-47A1-4B34-B4CB-B51A5ED8B9B9}.AppStore|iPhoneSimulator.Build.0 = Release|Any CPU
		{49C6B34C-47A1-4B34-B4CB-B51A5ED8B9B9}.AppStore|x64.ActiveCfg = Release|Any CPU
		{49C6B34C-47A1-4B34-B4CB-B51A5ED8B9B9}.AppStore|x64.Build.0 = Release|Any CPU
		{49C6B34C-47A1-4B34-B4CB-B51A5ED8B9B9}.AppStore|x86.ActiveCfg = Release|Any CPU
		{49C6B34C-47A1-4B34-B4CB-B51A5ED8B9B9}.AppStore|x86.Build.0 = Release|Any CPU
		{49C6B34C-47A1-4B34-B4CB-B51A5ED8B9B9}.Debug|Any CPU.ActiveCfg = Debug|Any CPU
		{49C6B34C-47A1-4B34-B4CB-B51A5ED8B9B9}.Debug|Any CPU.Build.0 = Debug|Any CPU
		{49C6B34C-47A1-4B34-B4CB-B51A5ED8B9B9}.Debug|ARM.ActiveCfg = Debug|Any CPU
		{49C6B34C-47A1-4B34-B4CB-B51A5ED8B9B9}.Debug|ARM.Build.0 = Debug|Any CPU
		{49C6B34C-47A1-4B34-B4CB-B51A5ED8B9B9}.Debug|iPhone.ActiveCfg = Debug|Any CPU
		{49C6B34C-47A1-4B34-B4CB-B51A5ED8B9B9}.Debug|iPhone.Build.0 = Debug|Any CPU
		{49C6B34C-47A1-4B34-B4CB-B51A5ED8B9B9}.Debug|iPhoneSimulator.ActiveCfg = Debug|Any CPU
		{49C6B34C-47A1-4B34-B4CB-B51A5ED8B9B9}.Debug|iPhoneSimulator.Build.0 = Debug|Any CPU
		{49C6B34C-47A1-4B34-B4CB-B51A5ED8B9B9}.Debug|x64.ActiveCfg = Debug|Any CPU
		{49C6B34C-47A1-4B34-B4CB-B51A5ED8B9B9}.Debug|x64.Build.0 = Debug|Any CPU
		{49C6B34C-47A1-4B34-B4CB-B51A5ED8B9B9}.Debug|x86.ActiveCfg = Debug|Any CPU
		{49C6B34C-47A1-4B34-B4CB-B51A5ED8B9B9}.Debug|x86.Build.0 = Debug|Any CPU
		{49C6B34C-47A1-4B34-B4CB-B51A5ED8B9B9}.Release|Any CPU.ActiveCfg = Release|Any CPU
		{49C6B34C-47A1-4B34-B4CB-B51A5ED8B9B9}.Release|Any CPU.Build.0 = Release|Any CPU
		{49C6B34C-47A1-4B34-B4CB-B51A5ED8B9B9}.Release|ARM.ActiveCfg = Release|Any CPU
		{49C6B34C-47A1-4B34-B4CB-B51A5ED8B9B9}.Release|ARM.Build.0 = Release|Any CPU
		{49C6B34C-47A1-4B34-B4CB-B51A5ED8B9B9}.Release|iPhone.ActiveCfg = Release|Any CPU
		{49C6B34C-47A1-4B34-B4CB-B51A5ED8B9B9}.Release|iPhone.Build.0 = Release|Any CPU
		{49C6B34C-47A1-4B34-B4CB-B51A5ED8B9B9}.Release|iPhoneSimulator.ActiveCfg = Release|Any CPU
		{49C6B34C-47A1-4B34-B4CB-B51A5ED8B9B9}.Release|iPhoneSimulator.Build.0 = Release|Any CPU
		{49C6B34C-47A1-4B34-B4CB-B51A5ED8B9B9}.Release|x64.ActiveCfg = Release|Any CPU
		{49C6B34C-47A1-4B34-B4CB-B51A5ED8B9B9}.Release|x64.Build.0 = Release|Any CPU
		{49C6B34C-47A1-4B34-B4CB-B51A5ED8B9B9}.Release|x86.ActiveCfg = Release|Any CPU
		{49C6B34C-47A1-4B34-B4CB-B51A5ED8B9B9}.Release|x86.Build.0 = Release|Any CPU
	EndGlobalSection
	GlobalSection(SolutionProperties) = preSolution
		HideSolutionNode = FALSE
	EndGlobalSection
	GlobalSection(NestedProjects) = preSolution
		{73ABAEB9-44E5-4AAC-85E7-CC826145C686} = {E30ADC72-A57E-4ABF-BAEA-379B0619962A}
		{A0D9B240-BEE1-4B95-AF05-0EC4A5868DC1} = {E30ADC72-A57E-4ABF-BAEA-379B0619962A}
		{164CE4D6-7952-4DFC-BE39-84329B8C393B} = {E30ADC72-A57E-4ABF-BAEA-379B0619962A}
		{9651D9B1-C8E1-4031-9B67-D38FD568E863} = {E30ADC72-A57E-4ABF-BAEA-379B0619962A}
		{49C6B34C-47A1-4B34-B4CB-B51A5ED8B9B9} = {058915C3-8B66-420C-8E8F-FB0FB8A011A0}
	EndGlobalSection
	GlobalSection(ExtensibilityGlobals) = postSolution
		SolutionGuid = {E6702F7D-4F57-435D-A262-CE3C27A932C4}
	EndGlobalSection
EndGlobal
